{
  "name": "sfz.dev",
  "version": "2.0.0",
  "lockfileVersion": 2,
  "requires": true,
  "packages": {
    "": {
      "name": "sfz.dev",
      "version": "2.0.0",
      "license": "MIT",
      "dependencies": {
        "mapbox-gl": "^3.22.0",
        "three": "^0.184.0"
      },
      "devDependencies": {
        "@biomejs/biome": "2.4.12",
        "@playwright/test": "^1.59.1",
        "dotenv": "^17.4.2",
        "lefthook": "^2.1.6",
        "prettier": "^3.8.3",
        "prettier-plugin-go-template": "^0.0.15",
        "typescript": "^5.9.3"
      }
    },
    "node_modules/@biomejs/biome": {
      "version": "2.4.12",
      "resolved": "https://registry.npmjs.org/@biomejs/biome/-/biome-2.4.12.tgz",
      "integrity": "sha512-Rro7adQl3NLq/zJCIL98eElXKI8eEiBtoeu5TbXF/U3qbjuSc7Jb5rjUbeHHcquDWeSf3HnGP7XI5qGrlRk/pA==",
      "dev": true,
      "license": "MIT OR Apache-2.0",
      "bin": {
        "biome": "bin/biome"
      },
      "engines": {
        "node": ">=14.21.3"
      },
      "funding": {
        "type": "opencollective",
        "url": "https://opencollective.com/biome"
      },
      "optionalDependencies": {
        "@biomejs/cli-darwin-arm64": "2.4.12",
        "@biomejs/cli-darwin-x64": "2.4.12",
        "@biomejs/cli-linux-arm64": "2.4.12",
        "@biomejs/cli-linux-arm64-musl": "2.4.12",
        "@biomejs/cli-linux-x64": "2.4.12",
        "@biomejs/cli-linux-x64-musl": "2.4.12",
        "@biomejs/cli-win32-arm64": "2.4.12",
        "@biomejs/cli-win32-x64": "2.4.12"
      }
    },
    "node_modules/@biomejs/cli-darwin-arm64": {
      "version": "2.4.12",
      "resolved": "https://registry.npmjs.org/@biomejs/cli-darwin-arm64/-/cli-darwin-arm64-2.4.12.tgz",
      "integrity": "sha512-BnMU4Pc3ciEVteVpZ0BK33MLr7X57F5w1dwDLDn+/iy/yTrA4Q/N2yftidFtsA4vrDh0FMXDpacNV/Tl3fbmng==",
      "cpu": [
        "arm64"
      ],
      "dev": true,
      "license": "MIT OR Apache-2.0",
      "optional": true,
      "os": [
        "darwin"
      ],
      "engines": {
        "node": ">=14.21.3"
      }
    },
    "node_modules/@biomejs/cli-darwin-x64": {
      "version": "2.4.12",
      "resolved": "https://registry.npmjs.org/@biomejs/cli-darwin-x64/-/cli-darwin-x64-2.4.12.tgz",
      "integrity": "sha512-x9uJ0bI1rJsWICp3VH8w/5PnAVD3A7SqzDpbrfoUQX1QyWrK5jSU4fRLo/wSgGeplCivbxBRKmt5Xq4/nWvq8A==",
      "cpu": [
        "x64"
      ],
      "dev": true,
      "license": "MIT OR Apache-2.0",
      "optional": true,
      "os": [
        "darwin"
      ],
      "engines": {
        "node": ">=14.21.3"
      }
    },
    "node_modules/@biomejs/cli-linux-arm64": {
      "version": "2.4.12",
      "resolved": "https://registry.npmjs.org/@biomejs/cli-linux-arm64/-/cli-linux-arm64-2.4.12.tgz",
      "integrity": "sha512-tOwuCuZZtKi1jVzbk/5nXmIsziOB6yqN8c9r9QM0EJYPU6DpQWf11uBOSCfFKKM4H3d9ZoarvlgMfbcuD051Pw==",
      "cpu": [
        "arm64"
      ],
      "dev": true,
      "libc": [
        "glibc"
      ],
      "license": "MIT OR Apache-2.0",
      "optional": true,
      "os": [
        "linux"
      ],
      "engines": {
        "node": ">=14.21.3"
      }
    },
    "node_modules/@biomejs/cli-linux-arm64-musl": {
      "version": "2.4.12",
      "resolved": "https://registry.npmjs.org/@biomejs/cli-linux-arm64-musl/-/cli-linux-arm64-musl-2.4.12.tgz",
      "integrity": "sha512-FhfpkAAlKL6kwvcVap0Hgp4AhZmtd3YImg0kK1jd7C/aSoh4SfsB2f++yG1rU0lr8Y5MCFJrcSkmssiL9Xnnig==",
      "cpu": [
        "arm64"
      ],
      "dev": true,
      "libc": [
        "musl"
      ],
      "license": "MIT OR Apache-2.0",
      "optional": true,
      "os": [
        "linux"
      ],
      "engines": {
        "node": ">=14.21.3"
      }
    },
    "node_modules/@biomejs/cli-linux-x64": {
      "version": "2.4.12",
      "resolved": "https://registry.npmjs.org/@biomejs/cli-linux-x64/-/cli-linux-x64-2.4.12.tgz",
      "integrity": "sha512-8pFeAnLU9QdW9jCIslB/v82bI0lhBmz2ZAKc8pVMFPO0t0wAHsoEkrUQUbMkIorTRIjbqyNZHA3lEXavsPWYSw==",
      "cpu": [
        "x64"
      ],
      "dev": true,
      "libc": [
        "glibc"
      ],
      "license": "MIT OR Apache-2.0",
      "optional": true,
      "os": [
        "linux"
      ],
      "engines": {
        "node": ">=14.21.3"
      }
    },
    "node_modules/@biomejs/cli-linux-x64-musl": {
      "version": "2.4.12",
      "resolved": "https://registry.npmjs.org/@biomejs/cli-linux-x64-musl/-/cli-linux-x64-musl-2.4.12.tgz",
      "integrity": "sha512-dwTIgZrGutzhkQCuvHynCkyW6hJxUuyZqKKO0YNfaS2GUoRO+tOvxXZqZB6SkWAOdfZTzwaw8IEdUnIkHKHoew==",
      "cpu": [
        "x64"
      ],
      "dev": true,
      "libc": [
        "musl"
      ],
      "license": "MIT OR Apache-2.0",
      "optional": true,
      "os": [
        "linux"
      ],
      "engines": {
        "node": ">=14.21.3"
      }
    },
    "node_modules/@biomejs/cli-win32-arm64": {
      "version": "2.4.12",
      "resolved": "https://registry.npmjs.org/@biomejs/cli-win32-arm64/-/cli-win32-arm64-2.4.12.tgz",
      "integrity": "sha512-B0DLnx0vA9ya/3v7XyCaP+/lCpnbWbMOfUFFve+xb5OxyYvdHaS55YsSddr228Y+JAFk58agCuZTsqNiw2a6ig==",
      "cpu": [
        "arm64"
      ],
      "dev": true,
      "license": "MIT OR Apache-2.0",
      "optional": true,
      "os": [
        "win32"
      ],
      "engines": {
        "node": ">=14.21.3"
      }
    },
    "node_modules/@biomejs/cli-win32-x64": {
      "version": "2.4.12",
      "resolved": "https://registry.npmjs.org/@biomejs/cli-win32-x64/-/cli-win32-x64-2.4.12.tgz",
      "integrity": "sha512-yMckRzTyZ83hkk8iDFWswqSdU8tvZxspJKnYNh7JZr/zhZNOlzH13k4ecboU6MurKExCe2HUkH75pGI/O2JwGA==",
      "cpu": [
        "x64"
      ],
      "dev": true,
      "license": "MIT OR Apache-2.0",
      "optional": true,
      "os": [
        "win32"
      ],
      "engines": {
        "node": ">=14.21.3"
      }
    },
    "node_modules/@mapbox/mapbox-gl-supported": {
      "version": "3.0.0",
      "resolved": "https://registry.npmjs.org/@mapbox/mapbox-gl-supported/-/mapbox-gl-supported-3.0.0.tgz",
      "integrity": "sha512-2XghOwu16ZwPJLOFVuIOaLbN0iKMn867evzXFyf0P22dqugezfJwLmdanAgU25ITvz1TvOfVP4jsDImlDJzcWg==",
      "license": "BSD-3-Clause"
    },
    "node_modules/@mapbox/point-geometry": {
      "version": "1.1.0",
      "resolved": "https://registry.npmjs.org/@mapbox/point-geometry/-/point-geometry-1.1.0.tgz",
      "integrity": "sha512-YGcBz1cg4ATXDCM/71L9xveh4dynfGmcLDqufR+nQQy3fKwsAZsWd/x4621/6uJaeB9mwOHE6hPeDgXz9uViUQ==",
      "license": "ISC"
    },
    "node_modules/@mapbox/tiny-sdf": {
      "version": "2.0.7",
      "resolved": "https://registry.npmjs.org/@mapbox/tiny-sdf/-/tiny-sdf-2.0.7.tgz",
      "integrity": "sha512-25gQLQMcpivjOSA40g3gO6qgiFPDpWRoMfd+G/GoppPIeP6JDaMMkMrEJnMZhKyyS6iKwVt5YKu02vCUyJM3Ug==",
      "license": "BSD-2-Clause"
    },
    "node_modules/@mapbox/unitbezier": {
      "version": "0.0.1",
      "resolved": "https://registry.npmjs.org/@mapbox/unitbezier/-/unitbezier-0.0.1.tgz",
      "integrity": "sha512-nMkuDXFv60aBr9soUG5q+GvZYL+2KZHVvsqFCzqnkGEf46U2fvmytHaEVc1/YZbiLn8X+eR3QzX1+dwDO1lxlw==",
      "license": "BSD-2-Clause"
    },
    "node_modules/@mapbox/vector-tile": {
      "version": "2.0.4",
      "resolved": "https://registry.npmjs.org/@mapbox/vector-tile/-/vector-tile-2.0.4.tgz",
      "integrity": "sha512-AkOLcbgGTdXScosBWwmmD7cDlvOjkg/DetGva26pIRiZPdeJYjYKarIlb4uxVzi6bwHO6EWH82eZ5Nuv4T5DUg==",
      "license": "BSD-3-Clause",
      "dependencies": {
        "@mapbox/point-geometry": "~1.1.0",
        "@types/geojson": "^7946.0.16",
        "pbf": "^4.0.1"
      }
    },
    "node_modules/@playwright/test": {
      "version": "1.59.1",
      "resolved": "https://registry.npmjs.org/@playwright/test/-/test-1.59.1.tgz",
      "integrity": "sha512-PG6q63nQg5c9rIi4/Z5lR5IVF7yU5MqmKaPOe0HSc0O2cX1fPi96sUQu5j7eo4gKCkB2AnNGoWt7y4/Xx3Kcqg==",
      "dev": true,
      "license": "Apache-2.0",
      "dependencies": {
        "playwright": "1.59.1"
      },
      "bin": {
        "playwright": "cli.js"
      },
      "engines": {
        "node": ">=18"
      }
    },
    "node_modules/@types/geojson": {
      "version": "7946.0.16",
      "resolved": "https://registry.npmjs.org/@types/geojson/-/geojson-7946.0.16.tgz",
      "integrity": "sha512-6C8nqWur3j98U6+lXDfTUWIfgvZU+EumvpHKcYjujKH7woYyLj2sUmff0tRhrqM7BohUw7Pz3ZB1jj2gW9Fvmg==",
      "license": "MIT"
    },
    "node_modules/@types/geojson-vt": {
      "version": "3.2.5",
      "resolved": "https://registry.npmjs.org/@types/geojson-vt/-/geojson-vt-3.2.5.tgz",
      "integrity": "sha512-qDO7wqtprzlpe8FfQ//ClPV9xiuoh2nkIgiouIptON9w5jvD/fA4szvP9GBlDVdJ5dldAl0kX/sy3URbWwLx0g==",
      "license": "MIT",
      "dependencies": {
        "@types/geojson": "*"
      }
    },
    "node_modules/@types/pbf": {
      "version": "3.0.5",
      "resolved": "https://registry.npmjs.org/@types/pbf/-/pbf-3.0.5.tgz",
      "integrity": "sha512-j3pOPiEcWZ34R6a6mN07mUkM4o4Lwf6hPNt8eilOeZhTFbxFXmKhvXl9Y28jotFPaI1bpPDJsbCprUoNke6OrA==",
      "license": "MIT"
    },
    "node_modules/@types/supercluster": {
      "version": "7.1.3",
      "resolved": "https://registry.npmjs.org/@types/supercluster/-/supercluster-7.1.3.tgz",
      "integrity": "sha512-Z0pOY34GDFl3Q6hUFYf3HkTwKEE02e7QgtJppBt+beEAxnyOpJua+voGFvxINBHa06GwLFFym7gRPY2SiKIfIA==",
      "license": "MIT",
      "dependencies": {
        "@types/geojson": "*"
      }
    },
    "node_modules/cheap-ruler": {
      "version": "4.0.0",
      "resolved": "https://registry.npmjs.org/cheap-ruler/-/cheap-ruler-4.0.0.tgz",
      "integrity": "sha512-0BJa8f4t141BYKQyn9NSQt1PguFQXMXwZiA5shfoaBYHAb2fFk2RAX+tiWMoQU+Agtzt3mdt0JtuyshAXqZ+Vw==",
      "license": "ISC"
    },
    "node_modules/csscolorparser": {
      "version": "1.0.3",
      "resolved": "https://registry.npmjs.org/csscolorparser/-/csscolorparser-1.0.3.tgz",
      "integrity": "sha512-umPSgYwZkdFoUrH5hIq5kf0wPSXiro51nPw0j2K/c83KflkPSTBGMz6NJvMB+07VlL0y7VPo6QJcDjcgKTTm3w==",
      "license": "MIT"
    },
    "node_modules/dotenv": {
      "version": "17.4.2",
      "resolved": "https://registry.npmjs.org/dotenv/-/dotenv-17.4.2.tgz",
      "integrity": "sha512-nI4U3TottKAcAD9LLud4Cb7b2QztQMUEfHbvhTH09bqXTxnSie8WnjPALV/WMCrJZ6UV/qHJ6L03OqO3LcdYZw==",
      "dev": true,
      "license": "BSD-2-Clause",
      "engines": {
        "node": ">=12"
      },
      "funding": {
        "url": "https://dotenvx.com"
      }
    },
    "node_modules/earcut": {
      "version": "3.0.2",
      "resolved": "https://registry.npmjs.org/earcut/-/earcut-3.0.2.tgz",
      "integrity": "sha512-X7hshQbLyMJ/3RPhyObLARM2sNxxmRALLKx1+NVFFnQ9gKzmCrxm9+uLIAdBcvc8FNLpctqlQ2V6AE92Ol9UDQ==",
      "license": "ISC"
    },
    "node_modules/fsevents": {
      "version": "2.3.2",
      "resolved": "https://registry.npmjs.org/fsevents/-/fsevents-2.3.2.tgz",
      "integrity": "sha512-xiqMQR4xAeHTuB9uWm+fFRcIOgKBMiOBP+eXiyT7jsgVCq1bkVygt00oASowB7EdtpOHaaPgKt812P9ab+DDKA==",
      "dev": true,
      "hasInstallScript": true,
      "license": "MIT",
      "optional": true,
      "os": [
        "darwin"
      ],
      "engines": {
        "node": "^8.16.0 || ^10.6.0 || >=11.0.0"
      }
    },
    "node_modules/geojson-vt": {
      "version": "4.0.2",
      "resolved": "https://registry.npmjs.org/geojson-vt/-/geojson-vt-4.0.2.tgz",
      "integrity": "sha512-AV9ROqlNqoZEIJGfm1ncNjEXfkz2hdFlZf0qkVfmkwdKa8vj7H16YUOT81rJw1rdFhyEDlN2Tds91p/glzbl5A==",
      "license": "ISC"
    },
    "node_modules/gl-matrix": {
      "version": "3.4.4",
      "resolved": "https://registry.npmjs.org/gl-matrix/-/gl-matrix-3.4.4.tgz",
      "integrity": "sha512-latSnyDNt/8zYUB6VIJ6PCh2jBjJX6gnDsoCZ7LyW7GkqrD51EWwa9qCoGixj8YqBtETQK/xY7OmpTF8xz1DdQ==",
      "license": "MIT"
    },
    "node_modules/grid-index": {
      "version": "1.1.0",
      "resolved": "https://registry.npmjs.org/grid-index/-/grid-index-1.1.0.tgz",
      "integrity": "sha512-HZRwumpOGUrHyxO5bqKZL0B0GlUpwtCAzZ42sgxUPniu33R1LSFH5yrIcBCHjkctCAh3mtWKcKd9J4vDDdeVHA==",
      "license": "ISC"
    },
    "node_modules/kdbush": {
      "version": "4.0.2",
      "resolved": "https://registry.npmjs.org/kdbush/-/kdbush-4.0.2.tgz",
      "integrity": "sha512-WbCVYJ27Sz8zi9Q7Q0xHC+05iwkm3Znipc2XTlrnJbsHMYktW4hPhXUE8Ys1engBrvffoSCqbil1JQAa7clRpA==",
      "license": "ISC"
    },
    "node_modules/lefthook": {
      "version": "2.1.6",
      "resolved": "https://registry.npmjs.org/lefthook/-/lefthook-2.1.6.tgz",
      "integrity": "sha512-w9sBoR0mdN+kJc3SB85VzpiAAl451/rxdCRcZlwW71QLjkeH3EBQFgc4VMj5apePychYDHAlqEWTB8J8JK/j1Q==",
      "dev": true,
      "hasInstallScript": true,
      "license": "MIT",
      "bin": {
        "lefthook": "bin/index.js"
      },
      "optionalDependencies": {
        "lefthook-darwin-arm64": "2.1.6",
        "lefthook-darwin-x64": "2.1.6",
        "lefthook-freebsd-arm64": "2.1.6",
        "lefthook-freebsd-x64": "2.1.6",
        "lefthook-linux-arm64": "2.1.6",
        "lefthook-linux-x64": "2.1.6",
        "lefthook-openbsd-arm64": "2.1.6",
        "lefthook-openbsd-x64": "2.1.6",
        "lefthook-windows-arm64": "2.1.6",
        "lefthook-windows-x64": "2.1.6"
      }
    },
    "node_modules/lefthook-darwin-arm64": {
      "version": "2.1.6",
      "resolved": "https://registry.npmjs.org/lefthook-darwin-arm64/-/lefthook-darwin-arm64-2.1.6.tgz",
      "integrity": "sha512-hyB7eeiX78BS66f70byTJacDLC/xV1vgMv9n+idFUsrM7J3Udd/ag9Ag5NP3t0eN0EqQqAtrNnt35EH01lxnRQ==",
      "cpu": [
        "arm64"
      ],
      "dev": true,
      "license": "MIT",
      "optional": true,
      "os": [
        "darwin"
      ]
    },
    "node_modules/lefthook-darwin-x64": {
      "version": "2.1.6",
      "resolved": "https://registry.npmjs.org/lefthook-darwin-x64/-/lefthook-darwin-x64-2.1.6.tgz",
      "integrity": "sha512-5Ka6cFxiH83krt+OMRQtmS6zqoZR5SLXSudLjTbZA1c3ZqF0+dqkeb4XcB6plx6WR0GFizabuc6Bi3iXPIe1eQ==",
      "cpu": [
        "x64"
      ],
      "dev": true,
      "license": "MIT",
      "optional": true,
      "os": [
        "darwin"
      ]
    },
    "node_modules/lefthook-freebsd-arm64": {
      "version": "2.1.6",
      "resolved": "https://registry.npmjs.org/lefthook-freebsd-arm64/-/lefthook-freebsd-arm64-2.1.6.tgz",
      "integrity": "sha512-VswyOg5CVN3rMaOJ2HtnkltiMKgFHW/wouWxXsV8RxSa4tgWOKxM0EmSXi8qc2jX+LRga6B0uOY6toXS01zWxA==",
      "cpu": [
        "arm64"
      ],
      "dev": true,
      "license": "MIT",
      "optional": true,
      "os": [
        "freebsd"
      ]
    },
    "node_modules/lefthook-freebsd-x64": {
      "version": "2.1.6",
      "resolved": "https://registry.npmjs.org/lefthook-freebsd-x64/-/lefthook-freebsd-x64-2.1.6.tgz",
      "integrity": "sha512-vXsCUFYuVwrVWwcypB7Zt2Hf+5pl1V1la7ZfvGYZaTRURu0zF/XUnMF/nOz/PebGv0f4x/iOWXWwP7E42xRWsg==",
      "cpu": [
        "x64"
      ],
      "dev": true,
      "license": "MIT",
      "optional": true,
      "os": [
        "freebsd"
      ]
    },
    "node_modules/lefthook-linux-arm64": {
      "version": "2.1.6",
      "resolved": "https://registry.npmjs.org/lefthook-linux-arm64/-/lefthook-linux-arm64-2.1.6.tgz",
      "integrity": "sha512-WDJiQhJdZOvKORZd+kF/ms2l6NSsXzdA9ahflyr65V90AC4jES223W8VtEMbGPUtHuGWMEZ/v/XvwlWv0Ioz9g==",
      "cpu": [
        "arm64"
      ],
      "dev": true,
      "license": "MIT",
      "optional": true,
      "os": [
        "linux"
      ]
    },
    "node_modules/lefthook-linux-x64": {
      "version": "2.1.6",
      "resolved": "https://registry.npmjs.org/lefthook-linux-x64/-/lefthook-linux-x64-2.1.6.tgz",
      "integrity": "sha512-C18nCd7nTX1AVL4TcvwMmLAO1VI1OuGluIOTjiPkBQ746Ls1HhL5rl//jMPACmT28YmxIQJ2ZcLPNmhvEVBZvw==",
      "cpu": [
        "x64"
      ],
      "dev": true,
      "license": "MIT",
      "optional": true,
      "os": [
        "linux"
      ]
    },
    "node_modules/lefthook-openbsd-arm64": {
      "version": "2.1.6",
      "resolved": "https://registry.npmjs.org/lefthook-openbsd-arm64/-/lefthook-openbsd-arm64-2.1.6.tgz",
      "integrity": "sha512-mZOMxM8HiPxVFXDO3PtCUbH4GB8rkveXhsgXF27oAZTYVzQ3gO9vT6r/pxit6msqRXz3fvcwimLVJgb8eRsa8A==",
      "cpu": [
        "arm64"
      ],
      "dev": true,
      "license": "MIT",
      "optional": true,
      "os": [
        "openbsd"
      ]
    },
    "node_modules/lefthook-openbsd-x64": {
      "version": "2.1.6",
      "resolved": "https://registry.npmjs.org/lefthook-openbsd-x64/-/lefthook-openbsd-x64-2.1.6.tgz",
      "integrity": "sha512-sG9ALLZSnnMOfXu+B7SmxFhJhuoAh4bqi5En5aaHJET48TqrLOcWWZuH+7ArFM6gr/U5KfSUvdmHFmY8WqCcIg==",
      "cpu": [
        "x64"
      ],
      "dev": true,
      "license": "MIT",
      "optional": true,
      "os": [
        "openbsd"
      ]
    },
    "node_modules/lefthook-windows-arm64": {
      "version": "2.1.6",
      "resolved": "https://registry.npmjs.org/lefthook-windows-arm64/-/lefthook-windows-arm64-2.1.6.tgz",
      "integrity": "sha512-lD8yFWY4Csuljd0Rqs7EQaySC0VvDf7V3rN1FhRMUISTRDHutebIom1Loc8ckQPvKYGC6mftT9k0GvipsS+Brw==",
      "cpu": [
        "arm64"
      ],
      "dev": true,
      "license": "MIT",
      "optional": true,
      "os": [
        "win32"
      ]
    },
    "node_modules/lefthook-windows-x64": {
      "version": "2.1.6",
      "resolved": "https://registry.npmjs.org/lefthook-windows-x64/-/lefthook-windows-x64-2.1.6.tgz",
      "integrity": "sha512-q4z2n3xucLscoWiyMwFViEj3N8MDSkPulMwcJYuCYFHoPhP1h+icqNu7QRLGYj6AnVrCQweiUJY3Tb2X+GbD/A==",
      "cpu": [
        "x64"
      ],
      "dev": true,
      "license": "MIT",
      "optional": true,
      "os": [
        "win32"
      ]
    },
    "node_modules/mapbox-gl": {
      "version": "3.22.0",
      "resolved": "https://registry.npmjs.org/mapbox-gl/-/mapbox-gl-3.22.0.tgz",
      "integrity": "sha512-ZIpF+oAMcQoDlvABmiRkHoydyBR9zI6CyDeVRa2/iyua0/B2+rPuIzoCV/CgN14P5F0HVk53GIZw220WSqJPyA==",
      "license": "SEE LICENSE IN LICENSE.txt",
      "workspaces": [
        "src/style-spec",
        "packages/pmtiles-provider",
        "test/build/vite",
        "test/build/webpack",
        "test/build/typings"
      ],
      "dependencies": {
        "@mapbox/mapbox-gl-supported": "^3.0.0",
        "@mapbox/point-geometry": "^1.1.0",
        "@mapbox/tiny-sdf": "^2.0.6",
        "@mapbox/unitbezier": "^0.0.1",
        "@mapbox/vector-tile": "^2.0.4",
        "@types/geojson": "^7946.0.16",
        "@types/geojson-vt": "^3.2.5",
        "@types/pbf": "^3.0.5",
        "@types/supercluster": "^7.1.3",
        "cheap-ruler": "^4.0.0",
        "csscolorparser": "~1.0.3",
        "earcut": "^3.0.1",
        "geojson-vt": "^4.0.2",
        "gl-matrix": "^3.4.4",
        "grid-index": "^1.1.0",
        "kdbush": "^4.0.2",
        "martinez-polygon-clipping": "^0.8.1",
        "murmurhash-js": "^1.0.0",
        "pbf": "^4.0.1",
        "potpack": "^2.0.0",
        "quickselect": "^3.0.0",
        "supercluster": "^8.0.1",
        "tinyqueue": "^3.0.0"
      }
    },
    "node_modules/martinez-polygon-clipping": {
      "version": "0.8.1",
      "resolved": "https://registry.npmjs.org/martinez-polygon-clipping/-/martinez-polygon-clipping-0.8.1.tgz",
      "integrity": "sha512-9PLLMzMPI6ihHox4Ns6LpVBLpRc7sbhULybZ/wyaY8sY3ECNe2+hxm1hA2/9bEEpRrdpjoeduBuZLg2aq1cSIQ==",
      "license": "MIT",
      "dependencies": {
        "robust-predicates": "^2.0.4",
        "splaytree": "^0.1.4",
        "tinyqueue": "3.0.0"
      }
    },
    "node_modules/murmurhash-js": {
      "version": "1.0.0",
      "resolved": "https://registry.npmjs.org/murmurhash-js/-/murmurhash-js-1.0.0.tgz",
      "integrity": "sha512-TvmkNhkv8yct0SVBSy+o8wYzXjE4Zz3PCesbfs8HiCXXdcTuocApFv11UWlNFWKYsP2okqrhb7JNlSm9InBhIw==",
      "license": "MIT"
    },
    "node_modules/pbf": {
      "version": "4.0.1",
      "resolved": "https://registry.npmjs.org/pbf/-/pbf-4.0.1.tgz",
      "integrity": "sha512-SuLdBvS42z33m8ejRbInMapQe8n0D3vN/Xd5fmWM3tufNgRQFBpaW2YVJxQZV4iPNqb0vEFvssMEo5w9c6BTIA==",
      "license": "BSD-3-Clause",
      "dependencies": {
        "resolve-protobuf-schema": "^2.1.0"
      },
      "bin": {
        "pbf": "bin/pbf"
      }
    },
    "node_modules/playwright": {
      "version": "1.59.1",
      "resolved": "https://registry.npmjs.org/playwright/-/playwright-1.59.1.tgz",
      "integrity": "sha512-C8oWjPR3F81yljW9o5OxcWzfh6avkVwDD2VYdwIGqTkl+OGFISgypqzfu7dOe4QNLL2aqcWBmI3PMtLIK233lw==",
      "dev": true,
      "license": "Apache-2.0",
      "dependencies": {
        "playwright-core": "1.59.1"
      },
      "bin": {
        "playwright": "cli.js"
      },
      "engines": {
        "node": ">=18"
      },
      "optionalDependencies": {
        "fsevents": "2.3.2"
      }
    },
    "node_modules/playwright-core": {
      "version": "1.59.1",
      "resolved": "https://registry.npmjs.org/playwright-core/-/playwright-core-1.59.1.tgz",
      "integrity": "sha512-HBV/RJg81z5BiiZ9yPzIiClYV/QMsDCKUyogwH9p3MCP6IYjUFu/MActgYAvK0oWyV9NlwM3GLBjADyWgydVyg==",
      "dev": true,
      "license": "Apache-2.0",
      "bin": {
        "playwright-core": "cli.js"
      },
      "engines": {
        "node": ">=18"
      }
    },
    "node_modules/potpack": {
      "version": "2.1.0",
      "resolved": "https://registry.npmjs.org/potpack/-/potpack-2.1.0.tgz",
      "integrity": "sha512-pcaShQc1Shq0y+E7GqJqvZj8DTthWV1KeHGdi0Z6IAin2Oi3JnLCOfwnCo84qc+HAp52wT9nK9H7FAJp5a44GQ==",
      "license": "ISC"
    },
    "node_modules/prettier": {
      "version": "3.8.3",
      "resolved": "https://registry.npmjs.org/prettier/-/prettier-3.8.3.tgz",
      "integrity": "sha512-7igPTM53cGHMW8xWuVTydi2KO233VFiTNyF5hLJqpilHfmn8C8gPf+PS7dUT64YcXFbiMGZxS9pCSxL/Dxm/Jw==",
      "dev": true,
      "license": "MIT",
      "bin": {
        "prettier": "bin/prettier.cjs"
      },
      "engines": {
        "node": ">=14"
      },
      "funding": {
        "url": "https://github.com/prettier/prettier?sponsor=1"
      }
    },
    "node_modules/prettier-plugin-go-template": {
      "version": "0.0.15",
      "resolved": "https://registry.npmjs.org/prettier-plugin-go-template/-/prettier-plugin-go-template-0.0.15.tgz",
      "integrity": "sha512-WqU92E1NokWYNZ9mLE6ijoRg6LtIGdLMePt2C7UBDjXeDH9okcRI3zRqtnWR4s5AloiqyvZ66jNBAa9tmRY5EQ==",
      "dev": true,
      "license": "MIT",
      "dependencies": {
        "ulid": "^2.3.0"
      },
      "engines": {
        "node": ">=14.0.0"
      },
      "peerDependencies": {
        "prettier": "^3.0.0"
      }
    },
    "node_modules/protocol-buffers-schema": {
      "version": "3.6.1",
      "resolved": "https://registry.npmjs.org/protocol-buffers-schema/-/protocol-buffers-schema-3.6.1.tgz",
      "integrity": "sha512-VG2K63Igkiv9p76tk1lilczEK1cT+kCjKtkdhw1dQZV3k3IXJbd3o6Ho8b9zJZaHSnT2hKe4I+ObmX9w6m5SmQ==",
      "license": "MIT"
    },
    "node_modules/quickselect": {
      "version": "3.0.0",
      "resolved": "https://registry.npmjs.org/quickselect/-/quickselect-3.0.0.tgz",
      "integrity": "sha512-XdjUArbK4Bm5fLLvlm5KpTFOiOThgfWWI4axAZDWg4E/0mKdZyI9tNEfds27qCi1ze/vwTR16kvmmGhRra3c2g==",
      "license": "ISC"
    },
    "node_modules/resolve-protobuf-schema": {
      "version": "2.1.0",
      "resolved": "https://registry.npmjs.org/resolve-protobuf-schema/-/resolve-protobuf-schema-2.1.0.tgz",
      "integrity": "sha512-kI5ffTiZWmJaS/huM8wZfEMer1eRd7oJQhDuxeCLe3t7N7mX3z94CN0xPxBQxFYQTSNz9T0i+v6inKqSdK8xrQ==",
      "license": "MIT",
      "dependencies": {
        "protocol-buffers-schema": "^3.3.1"
      }
    },
    "node_modules/robust-predicates": {
      "version": "2.0.4",
      "resolved": "https://registry.npmjs.org/robust-predicates/-/robust-predicates-2.0.4.tgz",
      "integrity": "sha512-l4NwboJM74Ilm4VKfbAtFeGq7aEjWL+5kVFcmgFA2MrdnQWx9iE/tUGvxY5HyMI7o/WpSIUFLbC5fbeaHgSCYg==",
      "license": "Unlicense"
    },
    "node_modules/splaytree": {
      "version": "0.1.4",
      "resolved": "https://registry.npmjs.org/splaytree/-/splaytree-0.1.4.tgz",
      "integrity": "sha512-D50hKrjZgBzqD3FT2Ek53f2dcDLAQT8SSGrzj3vidNH5ISRgceeGVJ2dQIthKOuayqFXfFjXheHNo4bbt9LhRQ==",
      "license": "MIT"
    },
    "node_modules/supercluster": {
      "version": "8.0.1",
      "resolved": "https://registry.npmjs.org/supercluster/-/supercluster-8.0.1.tgz",
      "integrity": "sha512-IiOea5kJ9iqzD2t7QJq/cREyLHTtSmUT6gQsweojg9WH2sYJqZK9SswTu6jrscO6D1G5v5vYZ9ru/eq85lXeZQ==",
      "license": "ISC",
      "dependencies": {
        "kdbush": "^4.0.2"
      }
    },
    "node_modules/three": {
      "version": "0.184.0",
      "resolved": "https://registry.npmjs.org/three/-/three-0.184.0.tgz",
      "integrity": "sha512-wtTRjG92pM5eUg/KuUnHsqSAlPM296brTOcLgMRqEeylYTh/CdtvKUvCyyCQTzFuStieWxvZb8mVTMvdPyUpxg==",
      "license": "MIT"
    },
    "node_modules/tinyqueue": {
      "version": "3.0.0",
      "resolved": "https://registry.npmjs.org/tinyqueue/-/tinyqueue-3.0.0.tgz",
      "integrity": "sha512-gRa9gwYU3ECmQYv3lslts5hxuIa90veaEcxDYuu3QGOIAEM2mOZkVHp48ANJuu1CURtRdHKUBY5Lm1tHV+sD4g==",
      "license": "ISC"
    },
    "node_modules/typescript": {
      "version": "5.9.3",
      "resolved": "https://registry.npmjs.org/typescript/-/typescript-5.9.3.tgz",
      "integrity": "sha512-jl1vZzPDinLr9eUt3J/t7V6FgNEw9QjvBPdysz9KfQDD41fQrC2Y4vKQdiaUpFT4bXlb1RHhLpp8wtm6M5TgSw==",
      "dev": true,
      "license": "Apache-2.0",
      "bin": {
        "tsc": "bin/tsc",
        "tsserver": "bin/tsserver"
      },
      "engines": {
        "node": ">=14.17"
      }
    },
    "node_modules/ulid": {
      "version": "2.4.0",
      "resolved": "https://registry.npmjs.org/ulid/-/ulid-2.4.0.tgz",
      "integrity": "sha512-fIRiVTJNcSRmXKPZtGzFQv9WRrZ3M9eoptl/teFJvjOzmpU+/K/JH6HZ8deBfb5vMEpicJcLn7JmvdknlMq7Zg==",
      "dev": true,
      "license": "MIT",
      "bin": {
        "ulid": "bin/cli.js"
      }
    }
  },
  "dependencies": {
    "@biomejs/biome": {
      "version": "2.4.12",
      "resolved": "https://registry.npmjs.org/@biomejs/biome/-/biome-2.4.12.tgz",
      "integrity": "sha512-Rro7adQl3NLq/zJCIL98eElXKI8eEiBtoeu5TbXF/U3qbjuSc7Jb5rjUbeHHcquDWeSf3HnGP7XI5qGrlRk/pA==",
      "dev": true,
      "requires": {
        "@biomejs/cli-darwin-arm64": "2.4.12",
        "@biomejs/cli-darwin-x64": "2.4.12",
        "@biomejs/cli-linux-arm64": "2.4.12",
        "@biomejs/cli-linux-arm64-musl": "2.4.12",
        "@biomejs/cli-linux-x64": "2.4.12",
        "@biomejs/cli-linux-x64-musl": "2.4.12",
        "@biomejs/cli-win32-arm64": "2.4.12",
        "@biomejs/cli-win32-x64": "2.4.12"
      }
    },
    "@biomejs/cli-darwin-arm64": {
      "version": "2.4.12",
      "resolved": "https://registry.npmjs.org/@biomejs/cli-darwin-arm64/-/cli-darwin-arm64-2.4.12.tgz",
      "integrity": "sha512-BnMU4Pc3ciEVteVpZ0BK33MLr7X57F5w1dwDLDn+/iy/yTrA4Q/N2yftidFtsA4vrDh0FMXDpacNV/Tl3fbmng==",
      "dev": true,
      "optional": true
    },
    "@biomejs/cli-darwin-x64": {
      "version": "2.4.12",
      "resolved": "https://registry.npmjs.org/@biomejs/cli-darwin-x64/-/cli-darwin-x64-2.4.12.tgz",
      "integrity": "sha512-x9uJ0bI1rJsWICp3VH8w/5PnAVD3A7SqzDpbrfoUQX1QyWrK5jSU4fRLo/wSgGeplCivbxBRKmt5Xq4/nWvq8A==",
      "dev": true,
      "optional": true
    },
    "@biomejs/cli-linux-arm64": {
      "version": "2.4.12",
      "resolved": "https://registry.npmjs.org/@biomejs/cli-linux-arm64/-/cli-linux-arm64-2.4.12.tgz",
      "integrity": "sha512-tOwuCuZZtKi1jVzbk/5nXmIsziOB6yqN8c9r9QM0EJYPU6DpQWf11uBOSCfFKKM4H3d9ZoarvlgMfbcuD051Pw==",
      "dev": true,
      "optional": true
    },
    "@biomejs/cli-linux-arm64-musl": {
      "version": "2.4.12",
      "resolved": "https://registry.npmjs.org/@biomejs/cli-linux-arm64-musl/-/cli-linux-arm64-musl-2.4.12.tgz",
      "integrity": "sha512-FhfpkAAlKL6kwvcVap0Hgp4AhZmtd3YImg0kK1jd7C/aSoh4SfsB2f++yG1rU0lr8Y5MCFJrcSkmssiL9Xnnig==",
      "dev": true,
      "optional": true
    },
    "@biomejs/cli-linux-x64": {
      "version": "2.4.12",
      "resolved": "https://registry.npmjs.org/@biomejs/cli-linux-x64/-/cli-linux-x64-2.4.12.tgz",
      "integrity": "sha512-8pFeAnLU9QdW9jCIslB/v82bI0lhBmz2ZAKc8pVMFPO0t0wAHsoEkrUQUbMkIorTRIjbqyNZHA3lEXavsPWYSw==",
      "dev": true,
      "optional": true
    },
    "@biomejs/cli-linux-x64-musl": {
      "version": "2.4.12",
      "resolved": "https://registry.npmjs.org/@biomejs/cli-linux-x64-musl/-/cli-linux-x64-musl-2.4.12.tgz",
      "integrity": "sha512-dwTIgZrGutzhkQCuvHynCkyW6hJxUuyZqKKO0YNfaS2GUoRO+tOvxXZqZB6SkWAOdfZTzwaw8IEdUnIkHKHoew==",
      "dev": true,
      "optional": true
    },
    "@biomejs/cli-win32-arm64": {
      "version": "2.4.12",
      "resolved": "https://registry.npmjs.org/@biomejs/cli-win32-arm64/-/cli-win32-arm64-2.4.12.tgz",
      "integrity": "sha512-B0DLnx0vA9ya/3v7XyCaP+/lCpnbWbMOfUFFve+xb5OxyYvdHaS55YsSddr228Y+JAFk58agCuZTsqNiw2a6ig==",
      "dev": true,
      "optional": true
    },
    "@biomejs/cli-win32-x64": {
      "version": "2.4.12",
      "resolved": "https://registry.npmjs.org/@biomejs/cli-win32-x64/-/cli-win32-x64-2.4.12.tgz",
      "integrity": "sha512-yMckRzTyZ83hkk8iDFWswqSdU8tvZxspJKnYNh7JZr/zhZNOlzH13k4ecboU6MurKExCe2HUkH75pGI/O2JwGA==",
      "dev": true,
      "optional": true
    },
    "@mapbox/mapbox-gl-supported": {
      "version": "3.0.0",
      "resolved": "https://registry.npmjs.org/@mapbox/mapbox-gl-supported/-/mapbox-gl-supported-3.0.0.tgz",
      "integrity": "sha512-2XghOwu16ZwPJLOFVuIOaLbN0iKMn867evzXFyf0P22dqugezfJwLmdanAgU25ITvz1TvOfVP4jsDImlDJzcWg=="
    },
    "@mapbox/point-geometry": {
      "version": "1.1.0",
      "resolved": "https://registry.npmjs.org/@mapbox/point-geometry/-/point-geometry-1.1.0.tgz",
      "integrity": "sha512-YGcBz1cg4ATXDCM/71L9xveh4dynfGmcLDqufR+nQQy3fKwsAZsWd/x4621/6uJaeB9mwOHE6hPeDgXz9uViUQ=="
    },
    "@mapbox/tiny-sdf": {
      "version": "2.0.7",
      "resolved": "https://registry.npmjs.org/@mapbox/tiny-sdf/-/tiny-sdf-2.0.7.tgz",
      "integrity": "sha512-25gQLQMcpivjOSA40g3gO6qgiFPDpWRoMfd+G/GoppPIeP6JDaMMkMrEJnMZhKyyS6iKwVt5YKu02vCUyJM3Ug=="
    },
    "@mapbox/unitbezier": {
      "version": "0.0.1",
      "resolved": "https://registry.npmjs.org/@mapbox/unitbezier/-/unitbezier-0.0.1.tgz",
      "integrity": "sha512-nMkuDXFv60aBr9soUG5q+GvZYL+2KZHVvsqFCzqnkGEf46U2fvmytHaEVc1/YZbiLn8X+eR3QzX1+dwDO1lxlw=="
    },
    "@mapbox/vector-tile": {
      "version": "2.0.4",
      "resolved": "https://registry.npmjs.org/@mapbox/vector-tile/-/vector-tile-2.0.4.tgz",
      "integrity": "sha512-AkOLcbgGTdXScosBWwmmD7cDlvOjkg/DetGva26pIRiZPdeJYjYKarIlb4uxVzi6bwHO6EWH82eZ5Nuv4T5DUg==",
      "requires": {
        "@mapbox/point-geometry": "~1.1.0",
        "@types/geojson": "^7946.0.16",
        "pbf": "^4.0.1"
      }
    },
    "@playwright/test": {
      "version": "1.59.1",
      "resolved": "https://registry.npmjs.org/@playwright/test/-/test-1.59.1.tgz",
      "integrity": "sha512-PG6q63nQg5c9rIi4/Z5lR5IVF7yU5MqmKaPOe0HSc0O2cX1fPi96sUQu5j7eo4gKCkB2AnNGoWt7y4/Xx3Kcqg==",
      "dev": true,
      "requires": {
        "playwright": "1.59.1"
      }
    },
    "@types/geojson": {
      "version": "7946.0.16",
      "resolved": "https://registry.npmjs.org/@types/geojson/-/geojson-7946.0.16.tgz",
      "integrity": "sha512-6C8nqWur3j98U6+lXDfTUWIfgvZU+EumvpHKcYjujKH7woYyLj2sUmff0tRhrqM7BohUw7Pz3ZB1jj2gW9Fvmg=="
    },
    "@types/geojson-vt": {
      "version": "3.2.5",
      "resolved": "https://registry.npmjs.org/@types/geojson-vt/-/geojson-vt-3.2.5.tgz",
      "integrity": "sha512-qDO7wqtprzlpe8FfQ//ClPV9xiuoh2nkIgiouIptON9w5jvD/fA4szvP9GBlDVdJ5dldAl0kX/sy3URbWwLx0g==",
      "requires": {
        "@types/geojson": "*"
      }
    },
    "@types/pbf": {
      "version": "3.0.5",
      "resolved": "https://registry.npmjs.org/@types/pbf/-/pbf-3.0.5.tgz",
      "integrity": "sha512-j3pOPiEcWZ34R6a6mN07mUkM4o4Lwf6hPNt8eilOeZhTFbxFXmKhvXl9Y28jotFPaI1bpPDJsbCprUoNke6OrA=="
    },
    "@types/supercluster": {
      "version": "7.1.3",
      "resolved": "https://registry.npmjs.org/@types/supercluster/-/supercluster-7.1.3.tgz",
      "integrity": "sha512-Z0pOY34GDFl3Q6hUFYf3HkTwKEE02e7QgtJppBt+beEAxnyOpJua+voGFvxINBHa06GwLFFym7gRPY2SiKIfIA==",
      "requires": {
        "@types/geojson": "*"
      }
    },
    "cheap-ruler": {
      "version": "4.0.0",
      "resolved": "https://registry.npmjs.org/cheap-ruler/-/cheap-ruler-4.0.0.tgz",
      "integrity": "sha512-0BJa8f4t141BYKQyn9NSQt1PguFQXMXwZiA5shfoaBYHAb2fFk2RAX+tiWMoQU+Agtzt3mdt0JtuyshAXqZ+Vw=="
    },
    "csscolorparser": {
      "version": "1.0.3",
      "resolved": "https://registry.npmjs.org/csscolorparser/-/csscolorparser-1.0.3.tgz",
      "integrity": "sha512-umPSgYwZkdFoUrH5hIq5kf0wPSXiro51nPw0j2K/c83KflkPSTBGMz6NJvMB+07VlL0y7VPo6QJcDjcgKTTm3w=="
    },
    "dotenv": {
      "version": "17.4.2",
      "resolved": "https://registry.npmjs.org/dotenv/-/dotenv-17.4.2.tgz",
      "integrity": "sha512-nI4U3TottKAcAD9LLud4Cb7b2QztQMUEfHbvhTH09bqXTxnSie8WnjPALV/WMCrJZ6UV/qHJ6L03OqO3LcdYZw==",
      "dev": true
    },
    "earcut": {
      "version": "3.0.2",
      "resolved": "https://registry.npmjs.org/earcut/-/earcut-3.0.2.tgz",
      "integrity": "sha512-X7hshQbLyMJ/3RPhyObLARM2sNxxmRALLKx1+NVFFnQ9gKzmCrxm9+uLIAdBcvc8FNLpctqlQ2V6AE92Ol9UDQ=="
    },
    "fsevents": {
      "version": "2.3.2",
      "resolved": "https://registry.npmjs.org/fsevents/-/fsevents-2.3.2.tgz",
      "integrity": "sha512-xiqMQR4xAeHTuB9uWm+fFRcIOgKBMiOBP+eXiyT7jsgVCq1bkVygt00oASowB7EdtpOHaaPgKt812P9ab+DDKA==",
      "dev": true,
      "optional": true
    },
    "geojson-vt": {
      "version": "4.0.2",
      "resolved": "https://registry.npmjs.org/geojson-vt/-/geojson-vt-4.0.2.tgz",
      "integrity": "sha512-AV9ROqlNqoZEIJGfm1ncNjEXfkz2hdFlZf0qkVfmkwdKa8vj7H16YUOT81rJw1rdFhyEDlN2Tds91p/glzbl5A=="
    },
    "gl-matrix": {
      "version": "3.4.4",
      "resolved": "https://registry.npmjs.org/gl-matrix/-/gl-matrix-3.4.4.tgz",
      "integrity": "sha512-latSnyDNt/8zYUB6VIJ6PCh2jBjJX6gnDsoCZ7LyW7GkqrD51EWwa9qCoGixj8YqBtETQK/xY7OmpTF8xz1DdQ=="
    },
    "grid-index": {
      "version": "1.1.0",
      "resolved": "https://registry.npmjs.org/grid-index/-/grid-index-1.1.0.tgz",
      "integrity": "sha512-HZRwumpOGUrHyxO5bqKZL0B0GlUpwtCAzZ42sgxUPniu33R1LSFH5yrIcBCHjkctCAh3mtWKcKd9J4vDDdeVHA=="
    },
    "kdbush": {
      "version": "4.0.2",
      "resolved": "https://registry.npmjs.org/kdbush/-/kdbush-4.0.2.tgz",
      "integrity": "sha512-WbCVYJ27Sz8zi9Q7Q0xHC+05iwkm3Znipc2XTlrnJbsHMYktW4hPhXUE8Ys1engBrvffoSCqbil1JQAa7clRpA=="
    },
    "lefthook": {
      "version": "2.1.6",
      "resolved": "https://registry.npmjs.org/lefthook/-/lefthook-2.1.6.tgz",
      "integrity": "sha512-w9sBoR0mdN+kJc3SB85VzpiAAl451/rxdCRcZlwW71QLjkeH3EBQFgc4VMj5apePychYDHAlqEWTB8J8JK/j1Q==",
      "dev": true,
      "requires": {
        "lefthook-darwin-arm64": "2.1.6",
        "lefthook-darwin-x64": "2.1.6",
        "lefthook-freebsd-arm64": "2.1.6",
        "lefthook-freebsd-x64": "2.1.6",
        "lefthook-linux-arm64": "2.1.6",
        "lefthook-linux-x64": "2.1.6",
        "lefthook-openbsd-arm64": "2.1.6",
        "lefthook-openbsd-x64": "2.1.6",
        "lefthook-windows-arm64": "2.1.6",
        "lefthook-windows-x64": "2.1.6"
      }
    },
    "lefthook-darwin-arm64": {
      "version": "2.1.6",
      "resolved": "https://registry.npmjs.org/lefthook-darwin-arm64/-/lefthook-darwin-arm64-2.1.6.tgz",
      "integrity": "sha512-hyB7eeiX78BS66f70byTJacDLC/xV1vgMv9n+idFUsrM7J3Udd/ag9Ag5NP3t0eN0EqQqAtrNnt35EH01lxnRQ==",
      "dev": true,
      "optional": true
    },
    "lefthook-darwin-x64": {
      "version": "2.1.6",
      "resolved": "https://registry.npmjs.org/lefthook-darwin-x64/-/lefthook-darwin-x64-2.1.6.tgz",
      "integrity": "sha512-5Ka6cFxiH83krt+OMRQtmS6zqoZR5SLXSudLjTbZA1c3ZqF0+dqkeb4XcB6plx6WR0GFizabuc6Bi3iXPIe1eQ==",
      "dev": true,
      "optional": true
    },
    "lefthook-freebsd-arm64": {
      "version": "2.1.6",
      "resolved": "https://registry.npmjs.org/lefthook-freebsd-arm64/-/lefthook-freebsd-arm64-2.1.6.tgz",
      "integrity": "sha512-VswyOg5CVN3rMaOJ2HtnkltiMKgFHW/wouWxXsV8RxSa4tgWOKxM0EmSXi8qc2jX+LRga6B0uOY6toXS01zWxA==",
      "dev": true,
      "optional": true
    },
    "lefthook-freebsd-x64": {
      "version": "2.1.6",
      "resolved": "https://registry.npmjs.org/lefthook-freebsd-x64/-/lefthook-freebsd-x64-2.1.6.tgz",
      "integrity": "sha512-vXsCUFYuVwrVWwcypB7Zt2Hf+5pl1V1la7ZfvGYZaTRURu0zF/XUnMF/nOz/PebGv0f4x/iOWXWwP7E42xRWsg==",
      "dev": true,
      "optional": true
    },
    "lefthook-linux-arm64": {
      "version": "2.1.6",
      "resolved": "https://registry.npmjs.org/lefthook-linux-arm64/-/lefthook-linux-arm64-2.1.6.tgz",
      "integrity": "sha512-WDJiQhJdZOvKORZd+kF/ms2l6NSsXzdA9ahflyr65V90AC4jES223W8VtEMbGPUtHuGWMEZ/v/XvwlWv0Ioz9g==",
      "dev": true,
      "optional": true
    },
    "lefthook-linux-x64": {
      "version": "2.1.6",
      "resolved": "https://registry.npmjs.org/lefthook-linux-x64/-/lefthook-linux-x64-2.1.6.tgz",
      "integrity": "sha512-C18nCd7nTX1AVL4TcvwMmLAO1VI1OuGluIOTjiPkBQ746Ls1HhL5rl//jMPACmT28YmxIQJ2ZcLPNmhvEVBZvw==",
      "dev": true,
      "optional": true
    },
    "lefthook-openbsd-arm64": {
      "version": "2.1.6",
      "resolved": "https://registry.npmjs.org/lefthook-openbsd-arm64/-/lefthook-openbsd-arm64-2.1.6.tgz",
      "integrity": "sha512-mZOMxM8HiPxVFXDO3PtCUbH4GB8rkveXhsgXF27oAZTYVzQ3gO9vT6r/pxit6msqRXz3fvcwimLVJgb8eRsa8A==",
      "dev": true,
      "optional": true
    },
    "lefthook-openbsd-x64": {
      "version": "2.1.6",
      "resolved": "https://registry.npmjs.org/lefthook-openbsd-x64/-/lefthook-openbsd-x64-2.1.6.tgz",
      "integrity": "sha512-sG9ALLZSnnMOfXu+B7SmxFhJhuoAh4bqi5En5aaHJET48TqrLOcWWZuH+7ArFM6gr/U5KfSUvdmHFmY8WqCcIg==",
      "dev": true,
      "optional": true
    },
    "lefthook-windows-arm64": {
      "version": "2.1.6",
      "resolved": "https://registry.npmjs.org/lefthook-windows-arm64/-/lefthook-windows-arm64-2.1.6.tgz",
      "integrity": "sha512-lD8yFWY4Csuljd0Rqs7EQaySC0VvDf7V3rN1FhRMUISTRDHutebIom1Loc8ckQPvKYGC6mftT9k0GvipsS+Brw==",
      "dev": true,
      "optional": true
    },
    "lefthook-windows-x64": {
      "version": "2.1.6",
      "resolved": "https://registry.npmjs.org/lefthook-windows-x64/-/lefthook-windows-x64-2.1.6.tgz",
      "integrity": "sha512-q4z2n3xucLscoWiyMwFViEj3N8MDSkPulMwcJYuCYFHoPhP1h+icqNu7QRLGYj6AnVrCQweiUJY3Tb2X+GbD/A==",
      "dev": true,
      "optional": true
    },
    "mapbox-gl": {
      "version": "3.22.0",
      "resolved": "https://registry.npmjs.org/mapbox-gl/-/mapbox-gl-3.22.0.tgz",
      "integrity": "sha512-ZIpF+oAMcQoDlvABmiRkHoydyBR9zI6CyDeVRa2/iyua0/B2+rPuIzoCV/CgN14P5F0HVk53GIZw220WSqJPyA==",
      "requires": {
        "@mapbox/mapbox-gl-supported": "^3.0.0",
        "@mapbox/point-geometry": "^1.1.0",
        "@mapbox/tiny-sdf": "^2.0.6",
        "@mapbox/unitbezier": "^0.0.1",
        "@mapbox/vector-tile": "^2.0.4",
        "@types/geojson": "^7946.0.16",
        "@types/geojson-vt": "^3.2.5",
        "@types/pbf": "^3.0.5",
        "@types/supercluster": "^7.1.3",
        "cheap-ruler": "^4.0.0",
        "csscolorparser": "~1.0.3",
        "earcut": "^3.0.1",
        "geojson-vt": "^4.0.2",
        "gl-matrix": "^3.4.4",
        "grid-index": "^1.1.0",
        "kdbush": "^4.0.2",
        "martinez-polygon-clipping": "^0.8.1",
        "murmurhash-js": "^1.0.0",
        "pbf": "^4.0.1",
        "potpack": "^2.0.0",
        "quickselect": "^3.0.0",
        "supercluster": "^8.0.1",
        "tinyqueue": "^3.0.0"
      }
    },
    "martinez-polygon-clipping": {
      "version": "0.8.1",
      "resolved": "https://registry.npmjs.org/martinez-polygon-clipping/-/martinez-polygon-clipping-0.8.1.tgz",
      "integrity": "sha512-9PLLMzMPI6ihHox4Ns6LpVBLpRc7sbhULybZ/wyaY8sY3ECNe2+hxm1hA2/9bEEpRrdpjoeduBuZLg2aq1cSIQ==",
      "requires": {
        "robust-predicates": "^2.0.4",
        "splaytree": "^0.1.4",
        "tinyqueue": "3.0.0"
      }
    },
    "murmurhash-js": {
      "version": "1.0.0",
      "resolved": "https://registry.npmjs.org/murmurhash-js/-/murmurhash-js-1.0.0.tgz",
      "integrity": "sha512-TvmkNhkv8yct0SVBSy+o8wYzXjE4Zz3PCesbfs8HiCXXdcTuocApFv11UWlNFWKYsP2okqrhb7JNlSm9InBhIw=="
    },
    "pbf": {
      "version": "4.0.1",
      "resolved": "https://registry.npmjs.org/pbf/-/pbf-4.0.1.tgz",
      "integrity": "sha512-SuLdBvS42z33m8ejRbInMapQe8n0D3vN/Xd5fmWM3tufNgRQFBpaW2YVJxQZV4iPNqb0vEFvssMEo5w9c6BTIA==",
      "requires": {
        "resolve-protobuf-schema": "^2.1.0"
      }
    },
    "playwright": {
      "version": "1.59.1",
      "resolved": "https://registry.npmjs.org/playwright/-/playwright-1.59.1.tgz",
      "integrity": "sha512-C8oWjPR3F81yljW9o5OxcWzfh6avkVwDD2VYdwIGqTkl+OGFISgypqzfu7dOe4QNLL2aqcWBmI3PMtLIK233lw==",
      "dev": true,
      "requires": {
        "fsevents": "2.3.2",
        "playwright-core": "1.59.1"
      }
    },
    "playwright-core": {
      "version": "1.59.1",
      "resolved": "https://registry.npmjs.org/playwright-core/-/playwright-core-1.59.1.tgz",
      "integrity": "sha512-HBV/RJg81z5BiiZ9yPzIiClYV/QMsDCKUyogwH9p3MCP6IYjUFu/MActgYAvK0oWyV9NlwM3GLBjADyWgydVyg==",
      "dev": true
    },
    "potpack": {
      "version": "2.1.0",
      "resolved": "https://registry.npmjs.org/potpack/-/potpack-2.1.0.tgz",
      "integrity": "sha512-pcaShQc1Shq0y+E7GqJqvZj8DTthWV1KeHGdi0Z6IAin2Oi3JnLCOfwnCo84qc+HAp52wT9nK9H7FAJp5a44GQ=="
    },
    "prettier": {
      "version": "3.8.3",
      "resolved": "https://registry.npmjs.org/prettier/-/prettier-3.8.3.tgz",
      "integrity": "sha512-7igPTM53cGHMW8xWuVTydi2KO233VFiTNyF5hLJqpilHfmn8C8gPf+PS7dUT64YcXFbiMGZxS9pCSxL/Dxm/Jw==",
      "dev": true
    },
    "prettier-plugin-go-template": {
      "version": "0.0.15",
      "resolved": "https://registry.npmjs.org/prettier-plugin-go-template/-/prettier-plugin-go-template-0.0.15.tgz",
      "integrity": "sha512-WqU92E1NokWYNZ9mLE6ijoRg6LtIGdLMePt2C7UBDjXeDH9okcRI3zRqtnWR4s5AloiqyvZ66jNBAa9tmRY5EQ==",
      "dev": true,
      "requires": {
        "ulid": "^2.3.0"
      }
    },
    "protocol-buffers-schema": {
      "version": "3.6.1",
      "resolved": "https://registry.npmjs.org/protocol-buffers-schema/-/protocol-buffers-schema-3.6.1.tgz",
      "integrity": "sha512-VG2K63Igkiv9p76tk1lilczEK1cT+kCjKtkdhw1dQZV3k3IXJbd3o6Ho8b9zJZaHSnT2hKe4I+ObmX9w6m5SmQ=="
    },
    "quickselect": {
      "version": "3.0.0",
      "resolved": "https://registry.npmjs.org/quickselect/-/quickselect-3.0.0.tgz",
      "integrity": "sha512-XdjUArbK4Bm5fLLvlm5KpTFOiOThgfWWI4axAZDWg4E/0mKdZyI9tNEfds27qCi1ze/vwTR16kvmmGhRra3c2g=="
    },
    "resolve-protobuf-schema": {
      "version": "2.1.0",
      "resolved": "https://registry.npmjs.org/resolve-protobuf-schema/-/resolve-protobuf-schema-2.1.0.tgz",
      "integrity": "sha512-kI5ffTiZWmJaS/huM8wZfEMer1eRd7oJQhDuxeCLe3t7N7mX3z94CN0xPxBQxFYQTSNz9T0i+v6inKqSdK8xrQ==",
      "requires": {
        "protocol-buffers-schema": "^3.3.1"
      }
    },
    "robust-predicates": {
      "version": "2.0.4",
      "resolved": "https://registry.npmjs.org/robust-predicates/-/robust-predicates-2.0.4.tgz",
      "integrity": "sha512-l4NwboJM74Ilm4VKfbAtFeGq7aEjWL+5kVFcmgFA2MrdnQWx9iE/tUGvxY5HyMI7o/WpSIUFLbC5fbeaHgSCYg=="
    },
    "splaytree": {
      "version": "0.1.4",
      "resolved": "https://registry.npmjs.org/splaytree/-/splaytree-0.1.4.tgz",
      "integrity": "sha512-D50hKrjZgBzqD3FT2Ek53f2dcDLAQT8SSGrzj3vidNH5ISRgceeGVJ2dQIthKOuayqFXfFjXheHNo4bbt9LhRQ=="
    },
    "supercluster": {
      "version": "8.0.1",
      "resolved": "https://registry.npmjs.org/supercluster/-/supercluster-8.0.1.tgz",
      "integrity": "sha512-IiOea5kJ9iqzD2t7QJq/cREyLHTtSmUT6gQsweojg9WH2sYJqZK9SswTu6jrscO6D1G5v5vYZ9ru/eq85lXeZQ==",
      "requires": {
        "kdbush": "^4.0.2"
      }
    },
    "three": {
      "version": "0.184.0",
      "resolved": "https://registry.npmjs.org/three/-/three-0.184.0.tgz",
      "integrity": "sha512-wtTRjG92pM5eUg/KuUnHsqSAlPM296brTOcLgMRqEeylYTh/CdtvKUvCyyCQTzFuStieWxvZb8mVTMvdPyUpxg=="
    },
    "tinyqueue": {
      "version": "3.0.0",
      "resolved": "https://registry.npmjs.org/tinyqueue/-/tinyqueue-3.0.0.tgz",
      "integrity": "sha512-gRa9gwYU3ECmQYv3lslts5hxuIa90veaEcxDYuu3QGOIAEM2mOZkVHp48ANJuu1CURtRdHKUBY5Lm1tHV+sD4g=="
    },
    "typescript": {
      "version": "5.9.3",
      "resolved": "https://registry.npmjs.org/typescript/-/typescript-5.9.3.tgz",
      "integrity": "sha512-jl1vZzPDinLr9eUt3J/t7V6FgNEw9QjvBPdysz9KfQDD41fQrC2Y4vKQdiaUpFT4bXlb1RHhLpp8wtm6M5TgSw==",
      "dev": true
    },
    "ulid": {
      "version": "2.4.0",
      "resolved": "https://registry.npmjs.org/ulid/-/ulid-2.4.0.tgz",
      "integrity": "sha512-fIRiVTJNcSRmXKPZtGzFQv9WRrZ3M9eoptl/teFJvjOzmpU+/K/JH6HZ8deBfb5vMEpicJcLn7JmvdknlMq7Zg==",
      "dev": true
    }
  }
}
