{
  "name": "sfz.dev",
  "version": "2.0.0",
  "lockfileVersion": 2,
  "requires": true,
  "packages": {
    "": {
      "name": "sfz.dev",
      "version": "2.0.0",
      "license": "MIT",
      "dependencies": {
        "mapbox-gl": "^3.16.0",
        "three": "^0.181.0"
      },
      "devDependencies": {
        "@biomejs/biome": "2.3.2",
        "@playwright/test": "^1.56.1",
        "dotenv": "^17.2.3",
        "lefthook": "^2.0.2",
        "prettier": "^3.6.2",
        "prettier-plugin-go-template": "^0.0.15",
        "typescript": "^5.9.3"
      }
    },
    "node_modules/@biomejs/biome": {
      "version": "2.3.2",
      "resolved": "https://registry.npmjs.org/@biomejs/biome/-/biome-2.3.2.tgz",
      "integrity": "sha512-8e9tzamuDycx7fdrcJ/F/GDZ8SYukc5ud6tDicjjFqURKYFSWMl0H0iXNXZEGmcmNUmABgGuHThPykcM41INgg==",
      "dev": true,
      "license": "MIT OR Apache-2.0",
      "bin": {
        "biome": "bin/biome"
      },
      "engines": {
        "node": ">=14.21.3"
      },
      "funding": {
        "type": "opencollective",
        "url": "https://opencollective.com/biome"
      },
      "optionalDependencies": {
        "@biomejs/cli-darwin-arm64": "2.3.2",
        "@biomejs/cli-darwin-x64": "2.3.2",
        "@biomejs/cli-linux-arm64": "2.3.2",
        "@biomejs/cli-linux-arm64-musl": "2.3.2",
        "@biomejs/cli-linux-x64": "2.3.2",
        "@biomejs/cli-linux-x64-musl": "2.3.2",
        "@biomejs/cli-win32-arm64": "2.3.2",
        "@biomejs/cli-win32-x64": "2.3.2"
      }
    },
    "node_modules/@biomejs/cli-darwin-arm64": {
      "version": "2.3.2",
      "resolved": "https://registry.npmjs.org/@biomejs/cli-darwin-arm64/-/cli-darwin-arm64-2.3.2.tgz",
      "integrity": "sha512-4LECm4kc3If0JISai4c3KWQzukoUdpxy4fRzlrPcrdMSRFksR9ZoXK7JBcPuLBmd2SoT4/d7CQS33VnZpgBjew==",
      "cpu": [
        "arm64"
      ],
      "dev": true,
      "license": "MIT OR Apache-2.0",
      "optional": true,
      "os": [
        "darwin"
      ],
      "engines": {
        "node": ">=14.21.3"
      }
    },
    "node_modules/@biomejs/cli-darwin-x64": {
      "version": "2.3.2",
      "resolved": "https://registry.npmjs.org/@biomejs/cli-darwin-x64/-/cli-darwin-x64-2.3.2.tgz",
      "integrity": "sha512-jNMnfwHT4N3wi+ypRfMTjLGnDmKYGzxVr1EYAPBcauRcDnICFXN81wD6wxJcSUrLynoyyYCdfW6vJHS/IAoTDA==",
      "cpu": [
        "x64"
      ],
      "dev": true,
      "license": "MIT OR Apache-2.0",
      "optional": true,
      "os": [
        "darwin"
      ],
      "engines": {
        "node": ">=14.21.3"
      }
    },
    "node_modules/@biomejs/cli-linux-arm64": {
      "version": "2.3.2",
      "resolved": "https://registry.npmjs.org/@biomejs/cli-linux-arm64/-/cli-linux-arm64-2.3.2.tgz",
      "integrity": "sha512-amnqvk+gWybbQleRRq8TMe0rIv7GHss8mFJEaGuEZYWg1Tw14YKOkeo8h6pf1c+d3qR+JU4iT9KXnBKGON4klw==",
      "cpu": [
        "arm64"
      ],
      "dev": true,
      "license": "MIT OR Apache-2.0",
      "optional": true,
      "os": [
        "linux"
      ],
      "engines": {
        "node": ">=14.21.3"
      }
    },
    "node_modules/@biomejs/cli-linux-arm64-musl": {
      "version": "2.3.2",
      "resolved": "https://registry.npmjs.org/@biomejs/cli-linux-arm64-musl/-/cli-linux-arm64-musl-2.3.2.tgz",
      "integrity": "sha512-2Zz4usDG1GTTPQnliIeNx6eVGGP2ry5vE/v39nT73a3cKN6t5H5XxjcEoZZh62uVZvED7hXXikclvI64vZkYqw==",
      "cpu": [
        "arm64"
      ],
      "dev": true,
      "license": "MIT OR Apache-2.0",
      "optional": true,
      "os": [
        "linux"
      ],
      "engines": {
        "node": ">=14.21.3"
      }
    },
    "node_modules/@biomejs/cli-linux-x64": {
      "version": "2.3.2",
      "resolved": "https://registry.npmjs.org/@biomejs/cli-linux-x64/-/cli-linux-x64-2.3.2.tgz",
      "integrity": "sha512-8BG/vRAhFz1pmuyd24FQPhNeueLqPtwvZk6yblABY2gzL2H8fLQAF/Z2OPIc+BPIVPld+8cSiKY/KFh6k81xfA==",
      "cpu": [
        "x64"
      ],
      "dev": true,
      "license": "MIT OR Apache-2.0",
      "optional": true,
      "os": [
        "linux"
      ],
      "engines": {
        "node": ">=14.21.3"
      }
    },
    "node_modules/@biomejs/cli-linux-x64-musl": {
      "version": "2.3.2",
      "resolved": "https://registry.npmjs.org/@biomejs/cli-linux-x64-musl/-/cli-linux-x64-musl-2.3.2.tgz",
      "integrity": "sha512-gzB19MpRdTuOuLtPpFBGrV3Lq424gHyq2lFj8wfX9tvLMLdmA/R9C7k/mqBp/spcbWuHeIEKgEs3RviOPcWGBA==",
      "cpu": [
        "x64"
      ],
      "dev": true,
      "license": "MIT OR Apache-2.0",
      "optional": true,
      "os": [
        "linux"
      ],
      "engines": {
        "node": ">=14.21.3"
      }
    },
    "node_modules/@biomejs/cli-win32-arm64": {
      "version": "2.3.2",
      "resolved": "https://registry.npmjs.org/@biomejs/cli-win32-arm64/-/cli-win32-arm64-2.3.2.tgz",
      "integrity": "sha512-lCruqQlfWjhMlOdyf5pDHOxoNm4WoyY2vZ4YN33/nuZBRstVDuqPPjS0yBkbUlLEte11FbpW+wWSlfnZfSIZvg==",
      "cpu": [
        "arm64"
      ],
      "dev": true,
      "license": "MIT OR Apache-2.0",
      "optional": true,
      "os": [
        "win32"
      ],
      "engines": {
        "node": ">=14.21.3"
      }
    },
    "node_modules/@biomejs/cli-win32-x64": {
      "version": "2.3.2",
      "resolved": "https://registry.npmjs.org/@biomejs/cli-win32-x64/-/cli-win32-x64-2.3.2.tgz",
      "integrity": "sha512-6Ee9P26DTb4D8sN9nXxgbi9Dw5vSOfH98M7UlmkjKB2vtUbrRqCbZiNfryGiwnPIpd6YUoTl7rLVD2/x1CyEHQ==",
      "cpu": [
        "x64"
      ],
      "dev": true,
      "license": "MIT OR Apache-2.0",
      "optional": true,
      "os": [
        "win32"
      ],
      "engines": {
        "node": ">=14.21.3"
      }
    },
    "node_modules/@mapbox/jsonlint-lines-primitives": {
      "version": "2.0.2",
      "resolved": "https://registry.npmjs.org/@mapbox/jsonlint-lines-primitives/-/jsonlint-lines-primitives-2.0.2.tgz",
      "integrity": "sha512-rY0o9A5ECsTQRVhv7tL/OyDpGAoUB4tTvLiW1DSzQGq4bvTPhNw1VpSNjDJc5GFZ2XuyOtSWSVN05qOtcD71qQ==",
      "engines": {
        "node": ">= 0.6"
      }
    },
    "node_modules/@mapbox/mapbox-gl-supported": {
      "version": "3.0.0",
      "resolved": "https://registry.npmjs.org/@mapbox/mapbox-gl-supported/-/mapbox-gl-supported-3.0.0.tgz",
      "integrity": "sha512-2XghOwu16ZwPJLOFVuIOaLbN0iKMn867evzXFyf0P22dqugezfJwLmdanAgU25ITvz1TvOfVP4jsDImlDJzcWg==",
      "license": "BSD-3-Clause"
    },
    "node_modules/@mapbox/point-geometry": {
      "version": "1.1.0",
      "resolved": "https://registry.npmjs.org/@mapbox/point-geometry/-/point-geometry-1.1.0.tgz",
      "integrity": "sha512-YGcBz1cg4ATXDCM/71L9xveh4dynfGmcLDqufR+nQQy3fKwsAZsWd/x4621/6uJaeB9mwOHE6hPeDgXz9uViUQ==",
      "license": "ISC"
    },
    "node_modules/@mapbox/tiny-sdf": {
      "version": "2.0.7",
      "resolved": "https://registry.npmjs.org/@mapbox/tiny-sdf/-/tiny-sdf-2.0.7.tgz",
      "integrity": "sha512-25gQLQMcpivjOSA40g3gO6qgiFPDpWRoMfd+G/GoppPIeP6JDaMMkMrEJnMZhKyyS6iKwVt5YKu02vCUyJM3Ug==",
      "license": "BSD-2-Clause"
    },
    "node_modules/@mapbox/unitbezier": {
      "version": "0.0.1",
      "resolved": "https://registry.npmjs.org/@mapbox/unitbezier/-/unitbezier-0.0.1.tgz",
      "integrity": "sha512-nMkuDXFv60aBr9soUG5q+GvZYL+2KZHVvsqFCzqnkGEf46U2fvmytHaEVc1/YZbiLn8X+eR3QzX1+dwDO1lxlw==",
      "license": "BSD-2-Clause"
    },
    "node_modules/@mapbox/vector-tile": {
      "version": "2.0.4",
      "resolved": "https://registry.npmjs.org/@mapbox/vector-tile/-/vector-tile-2.0.4.tgz",
      "integrity": "sha512-AkOLcbgGTdXScosBWwmmD7cDlvOjkg/DetGva26pIRiZPdeJYjYKarIlb4uxVzi6bwHO6EWH82eZ5Nuv4T5DUg==",
      "license": "BSD-3-Clause",
      "dependencies": {
        "@mapbox/point-geometry": "~1.1.0",
        "@types/geojson": "^7946.0.16",
        "pbf": "^4.0.1"
      }
    },
    "node_modules/@mapbox/whoots-js": {
      "version": "3.1.0",
      "resolved": "https://registry.npmjs.org/@mapbox/whoots-js/-/whoots-js-3.1.0.tgz",
      "integrity": "sha512-Es6WcD0nO5l+2BOQS4uLfNPYQaNDfbot3X1XUoloz+x0mPDS3eeORZJl06HXjwBG1fOGwCRnzK88LMdxKRrd6Q==",
      "license": "ISC",
      "engines": {
        "node": ">=6.0.0"
      }
    },
    "node_modules/@playwright/test": {
      "version": "1.56.1",
      "resolved": "https://registry.npmjs.org/@playwright/test/-/test-1.56.1.tgz",
      "integrity": "sha512-vSMYtL/zOcFpvJCW71Q/OEGQb7KYBPAdKh35WNSkaZA75JlAO8ED8UN6GUNTm3drWomcbcqRPFqQbLae8yBTdg==",
      "dev": true,
      "license": "Apache-2.0",
      "dependencies": {
        "playwright": "1.56.1"
      },
      "bin": {
        "playwright": "cli.js"
      },
      "engines": {
        "node": ">=18"
      }
    },
    "node_modules/@types/geojson": {
      "version": "7946.0.16",
      "resolved": "https://registry.npmjs.org/@types/geojson/-/geojson-7946.0.16.tgz",
      "integrity": "sha512-6C8nqWur3j98U6+lXDfTUWIfgvZU+EumvpHKcYjujKH7woYyLj2sUmff0tRhrqM7BohUw7Pz3ZB1jj2gW9Fvmg==",
      "license": "MIT"
    },
    "node_modules/@types/geojson-vt": {
      "version": "3.2.5",
      "resolved": "https://registry.npmjs.org/@types/geojson-vt/-/geojson-vt-3.2.5.tgz",
      "integrity": "sha512-qDO7wqtprzlpe8FfQ//ClPV9xiuoh2nkIgiouIptON9w5jvD/fA4szvP9GBlDVdJ5dldAl0kX/sy3URbWwLx0g==",
      "license": "MIT",
      "dependencies": {
        "@types/geojson": "*"
      }
    },
    "node_modules/@types/mapbox__point-geometry": {
      "version": "0.1.4",
      "resolved": "https://registry.npmjs.org/@types/mapbox__point-geometry/-/mapbox__point-geometry-0.1.4.tgz",
      "integrity": "sha512-mUWlSxAmYLfwnRBmgYV86tgYmMIICX4kza8YnE/eIlywGe2XoOxlpVnXWwir92xRLjwyarqwpu2EJKD2pk0IUA==",
      "license": "MIT"
    },
    "node_modules/@types/pbf": {
      "version": "3.0.5",
      "resolved": "https://registry.npmjs.org/@types/pbf/-/pbf-3.0.5.tgz",
      "integrity": "sha512-j3pOPiEcWZ34R6a6mN07mUkM4o4Lwf6hPNt8eilOeZhTFbxFXmKhvXl9Y28jotFPaI1bpPDJsbCprUoNke6OrA==",
      "license": "MIT"
    },
    "node_modules/@types/supercluster": {
      "version": "7.1.3",
      "resolved": "https://registry.npmjs.org/@types/supercluster/-/supercluster-7.1.3.tgz",
      "integrity": "sha512-Z0pOY34GDFl3Q6hUFYf3HkTwKEE02e7QgtJppBt+beEAxnyOpJua+voGFvxINBHa06GwLFFym7gRPY2SiKIfIA==",
      "license": "MIT",
      "dependencies": {
        "@types/geojson": "*"
      }
    },
    "node_modules/cheap-ruler": {
      "version": "4.0.0",
      "resolved": "https://registry.npmjs.org/cheap-ruler/-/cheap-ruler-4.0.0.tgz",
      "integrity": "sha512-0BJa8f4t141BYKQyn9NSQt1PguFQXMXwZiA5shfoaBYHAb2fFk2RAX+tiWMoQU+Agtzt3mdt0JtuyshAXqZ+Vw==",
      "license": "ISC"
    },
    "node_modules/csscolorparser": {
      "version": "1.0.3",
      "resolved": "https://registry.npmjs.org/csscolorparser/-/csscolorparser-1.0.3.tgz",
      "integrity": "sha512-umPSgYwZkdFoUrH5hIq5kf0wPSXiro51nPw0j2K/c83KflkPSTBGMz6NJvMB+07VlL0y7VPo6QJcDjcgKTTm3w==",
      "license": "MIT"
    },
    "node_modules/dotenv": {
      "version": "17.2.3",
      "resolved": "https://registry.npmjs.org/dotenv/-/dotenv-17.2.3.tgz",
      "integrity": "sha512-JVUnt+DUIzu87TABbhPmNfVdBDt18BLOWjMUFJMSi/Qqg7NTYtabbvSNJGOJ7afbRuv9D/lngizHtP7QyLQ+9w==",
      "dev": true,
      "license": "BSD-2-Clause",
      "engines": {
        "node": ">=12"
      },
      "funding": {
        "url": "https://dotenvx.com"
      }
    },
    "node_modules/earcut": {
      "version": "3.0.2",
      "resolved": "https://registry.npmjs.org/earcut/-/earcut-3.0.2.tgz",
      "integrity": "sha512-X7hshQbLyMJ/3RPhyObLARM2sNxxmRALLKx1+NVFFnQ9gKzmCrxm9+uLIAdBcvc8FNLpctqlQ2V6AE92Ol9UDQ==",
      "license": "ISC"
    },
    "node_modules/fsevents": {
      "version": "2.3.2",
      "resolved": "https://registry.npmjs.org/fsevents/-/fsevents-2.3.2.tgz",
      "integrity": "sha512-xiqMQR4xAeHTuB9uWm+fFRcIOgKBMiOBP+eXiyT7jsgVCq1bkVygt00oASowB7EdtpOHaaPgKt812P9ab+DDKA==",
      "dev": true,
      "hasInstallScript": true,
      "license": "MIT",
      "optional": true,
      "os": [
        "darwin"
      ],
      "engines": {
        "node": "^8.16.0 || ^10.6.0 || >=11.0.0"
      }
    },
    "node_modules/geojson-vt": {
      "version": "4.0.2",
      "resolved": "https://registry.npmjs.org/geojson-vt/-/geojson-vt-4.0.2.tgz",
      "integrity": "sha512-AV9ROqlNqoZEIJGfm1ncNjEXfkz2hdFlZf0qkVfmkwdKa8vj7H16YUOT81rJw1rdFhyEDlN2Tds91p/glzbl5A==",
      "license": "ISC"
    },
    "node_modules/gl-matrix": {
      "version": "3.4.4",
      "resolved": "https://registry.npmjs.org/gl-matrix/-/gl-matrix-3.4.4.tgz",
      "integrity": "sha512-latSnyDNt/8zYUB6VIJ6PCh2jBjJX6gnDsoCZ7LyW7GkqrD51EWwa9qCoGixj8YqBtETQK/xY7OmpTF8xz1DdQ==",
      "license": "MIT"
    },
    "node_modules/grid-index": {
      "version": "1.1.0",
      "resolved": "https://registry.npmjs.org/grid-index/-/grid-index-1.1.0.tgz",
      "integrity": "sha512-HZRwumpOGUrHyxO5bqKZL0B0GlUpwtCAzZ42sgxUPniu33R1LSFH5yrIcBCHjkctCAh3mtWKcKd9J4vDDdeVHA==",
      "license": "ISC"
    },
    "node_modules/kdbush": {
      "version": "4.0.2",
      "resolved": "https://registry.npmjs.org/kdbush/-/kdbush-4.0.2.tgz",
      "integrity": "sha512-WbCVYJ27Sz8zi9Q7Q0xHC+05iwkm3Znipc2XTlrnJbsHMYktW4hPhXUE8Ys1engBrvffoSCqbil1JQAa7clRpA==",
      "license": "ISC"
    },
    "node_modules/lefthook": {
      "version": "2.0.2",
      "resolved": "https://registry.npmjs.org/lefthook/-/lefthook-2.0.2.tgz",
      "integrity": "sha512-2lrSva53G604ZWjK5kHYvDdwb5GzbhciIPWhebv0A8ceveqSsnG2JgVEt+DnhOPZ4VfNcXvt3/ohFBPNpuAlVw==",
      "dev": true,
      "hasInstallScript": true,
      "license": "MIT",
      "bin": {
        "lefthook": "bin/index.js"
      },
      "optionalDependencies": {
        "lefthook-darwin-arm64": "2.0.2",
        "lefthook-darwin-x64": "2.0.2",
        "lefthook-freebsd-arm64": "2.0.2",
        "lefthook-freebsd-x64": "2.0.2",
        "lefthook-linux-arm64": "2.0.2",
        "lefthook-linux-x64": "2.0.2",
        "lefthook-openbsd-arm64": "2.0.2",
        "lefthook-openbsd-x64": "2.0.2",
        "lefthook-windows-arm64": "2.0.2",
        "lefthook-windows-x64": "2.0.2"
      }
    },
    "node_modules/lefthook-darwin-arm64": {
      "version": "2.0.2",
      "resolved": "https://registry.npmjs.org/lefthook-darwin-arm64/-/lefthook-darwin-arm64-2.0.2.tgz",
      "integrity": "sha512-x/4AOinpMS2abZyA/krDd50cRPZit/6P670Z1mJjfS0+fPZkFw7AXpjxroiN0rgglg78vD7BwcA5331z4YZa5g==",
      "cpu": [
        "arm64"
      ],
      "dev": true,
      "license": "MIT",
      "optional": true,
      "os": [
        "darwin"
      ]
    },
    "node_modules/lefthook-darwin-x64": {
      "version": "2.0.2",
      "resolved": "https://registry.npmjs.org/lefthook-darwin-x64/-/lefthook-darwin-x64-2.0.2.tgz",
      "integrity": "sha512-MSb8XZBfmlNvCpuLiQqrJS+sPiSEAyuoHOMZOHjlceYqO0leVVw9YfePVcb4Vi/PqOYngTdJk83MmYvqhsSNTQ==",
      "cpu": [
        "x64"
      ],
      "dev": true,
      "license": "MIT",
      "optional": true,
      "os": [
        "darwin"
      ]
    },
    "node_modules/lefthook-freebsd-arm64": {
      "version": "2.0.2",
      "resolved": "https://registry.npmjs.org/lefthook-freebsd-arm64/-/lefthook-freebsd-arm64-2.0.2.tgz",
      "integrity": "sha512-gewPsUPc3J/n2/RrhHLS9jtL3qK4HcTED25vfExhvFRW3eT1SDYaBbXnUUmB8SE0zE8Bl6AfEdT2zzZcPbOFuA==",
      "cpu": [
        "arm64"
      ],
      "dev": true,
      "license": "MIT",
      "optional": true,
      "os": [
        "freebsd"
      ]
    },
    "node_modules/lefthook-freebsd-x64": {
      "version": "2.0.2",
      "resolved": "https://registry.npmjs.org/lefthook-freebsd-x64/-/lefthook-freebsd-x64-2.0.2.tgz",
      "integrity": "sha512-fsLlaChiKAWiSavQO2LXPR8Z9OcBnyMDvmkIlXC0lG3SjBb9xbVdBdDVlcrsUyDCs5YstmGYHuzw6DfJYpAE1g==",
      "cpu": [
        "x64"
      ],
      "dev": true,
      "license": "MIT",
      "optional": true,
      "os": [
        "freebsd"
      ]
    },
    "node_modules/lefthook-linux-arm64": {
      "version": "2.0.2",
      "resolved": "https://registry.npmjs.org/lefthook-linux-arm64/-/lefthook-linux-arm64-2.0.2.tgz",
      "integrity": "sha512-vNl3HiZud9T2nGHMngvLw3hSJgutjlN/Lzf5/5jKt/2IIuyd9L3UYktWC9HLUb03Zukr7jeaxG3+VxdAohQwAw==",
      "cpu": [
        "arm64"
      ],
      "dev": true,
      "license": "MIT",
      "optional": true,
      "os": [
        "linux"
      ]
    },
    "node_modules/lefthook-linux-x64": {
      "version": "2.0.2",
      "resolved": "https://registry.npmjs.org/lefthook-linux-x64/-/lefthook-linux-x64-2.0.2.tgz",
      "integrity": "sha512-0ghHMPu4fixIieS8V2k2yZHvcFd9pP0q+sIAIaWo8x7ce/AOQIXFCPHGPAOc8/wi5uVtfyEvCnhxIDKf+lHA2A==",
      "cpu": [
        "x64"
      ],
      "dev": true,
      "license": "MIT",
      "optional": true,
      "os": [
        "linux"
      ]
    },
    "node_modules/lefthook-openbsd-arm64": {
      "version": "2.0.2",
      "resolved": "https://registry.npmjs.org/lefthook-openbsd-arm64/-/lefthook-openbsd-arm64-2.0.2.tgz",
      "integrity": "sha512-qfXnDM8jffut9rylvi3T+HOqlNRkFYqIDUXeVXlY7dmwCW4u2K46p0W4M3BmAVUeL/MRxBRnjze//Yy6aCbGQw==",
      "cpu": [
        "arm64"
      ],
      "dev": true,
      "license": "MIT",
      "optional": true,
      "os": [
        "openbsd"
      ]
    },
    "node_modules/lefthook-openbsd-x64": {
      "version": "2.0.2",
      "resolved": "https://registry.npmjs.org/lefthook-openbsd-x64/-/lefthook-openbsd-x64-2.0.2.tgz",
      "integrity": "sha512-RXqR0FiDTwsQv1X3QVsuBFneWeNXS+tmPFIX8F6Wz9yDPHF8+vBnkWCju6HdkTVTY71Ba5HbYGKEVDvscJkU7Q==",
      "cpu": [
        "x64"
      ],
      "dev": true,
      "license": "MIT",
      "optional": true,
      "os": [
        "openbsd"
      ]
    },
    "node_modules/lefthook-windows-arm64": {
      "version": "2.0.2",
      "resolved": "https://registry.npmjs.org/lefthook-windows-arm64/-/lefthook-windows-arm64-2.0.2.tgz",
      "integrity": "sha512-KfLKhiUPHP9Aea+9D7or2hgL9wtKEV+GHpx7LBg82ZhCXkAml6rop7mWsBgL80xPYLqMahKolZGO+8z5H6W4HQ==",
      "cpu": [
        "arm64"
      ],
      "dev": true,
      "license": "MIT",
      "optional": true,
      "os": [
        "win32"
      ]
    },
    "node_modules/lefthook-windows-x64": {
      "version": "2.0.2",
      "resolved": "https://registry.npmjs.org/lefthook-windows-x64/-/lefthook-windows-x64-2.0.2.tgz",
      "integrity": "sha512-TdysWxGRNtuRg5bN6Uj00tZJIsHTrF/7FavoR5rp1sq21QJhJi36M4I3UVlmOKAUCKhibAIAauZWmX7yaW3eHA==",
      "cpu": [
        "x64"
      ],
      "dev": true,
      "license": "MIT",
      "optional": true,
      "os": [
        "win32"
      ]
    },
    "node_modules/mapbox-gl": {
      "version": "3.16.0",
      "resolved": "https://registry.npmjs.org/mapbox-gl/-/mapbox-gl-3.16.0.tgz",
      "integrity": "sha512-rluV1Zp/0oHf1Y9BV+nePRNnKyTdljko3E19CzO5rBqtQaNUYS0ePCMPRtxOuWRwSdKp3f9NWJkOCjemM8nmjw==",
      "license": "SEE LICENSE IN LICENSE.txt",
      "workspaces": [
        "src/style-spec",
        "test/build/typings"
      ],
      "dependencies": {
        "@mapbox/jsonlint-lines-primitives": "^2.0.2",
        "@mapbox/mapbox-gl-supported": "^3.0.0",
        "@mapbox/point-geometry": "^1.1.0",
        "@mapbox/tiny-sdf": "^2.0.6",
        "@mapbox/unitbezier": "^0.0.1",
        "@mapbox/vector-tile": "^2.0.4",
        "@mapbox/whoots-js": "^3.1.0",
        "@types/geojson": "^7946.0.16",
        "@types/geojson-vt": "^3.2.5",
        "@types/mapbox__point-geometry": "^0.1.4",
        "@types/pbf": "^3.0.5",
        "@types/supercluster": "^7.1.3",
        "cheap-ruler": "^4.0.0",
        "csscolorparser": "~1.0.3",
        "earcut": "^3.0.1",
        "geojson-vt": "^4.0.2",
        "gl-matrix": "^3.4.4",
        "grid-index": "^1.1.0",
        "kdbush": "^4.0.2",
        "martinez-polygon-clipping": "^0.7.4",
        "murmurhash-js": "^1.0.0",
        "pbf": "^4.0.1",
        "potpack": "^2.0.0",
        "quickselect": "^3.0.0",
        "serialize-to-js": "^3.1.2",
        "supercluster": "^8.0.1",
        "tinyqueue": "^3.0.0"
      }
    },
    "node_modules/martinez-polygon-clipping": {
      "version": "0.7.4",
      "resolved": "https://registry.npmjs.org/martinez-polygon-clipping/-/martinez-polygon-clipping-0.7.4.tgz",
      "integrity": "sha512-jBEwrKtA0jTagUZj2bnmb4Yg2s4KnJGRePStgI7bAVjtcipKiF39R4LZ2V/UT61jMYWrTcBhPazexeqd6JAVtw==",
      "license": "MIT",
      "dependencies": {
        "robust-predicates": "^2.0.4",
        "splaytree": "^0.1.4",
        "tinyqueue": "^1.2.0"
      }
    },
    "node_modules/martinez-polygon-clipping/node_modules/tinyqueue": {
      "version": "1.2.3",
      "resolved": "https://registry.npmjs.org/tinyqueue/-/tinyqueue-1.2.3.tgz",
      "integrity": "sha512-Qz9RgWuO9l8lT+Y9xvbzhPT2efIUIFd69N7eF7tJ9lnQl0iLj1M7peK7IoUGZL9DJHw9XftqLreccfxcQgYLxA==",
      "license": "ISC"
    },
    "node_modules/murmurhash-js": {
      "version": "1.0.0",
      "resolved": "https://registry.npmjs.org/murmurhash-js/-/murmurhash-js-1.0.0.tgz",
      "integrity": "sha512-TvmkNhkv8yct0SVBSy+o8wYzXjE4Zz3PCesbfs8HiCXXdcTuocApFv11UWlNFWKYsP2okqrhb7JNlSm9InBhIw==",
      "license": "MIT"
    },
    "node_modules/pbf": {
      "version": "4.0.1",
      "resolved": "https://registry.npmjs.org/pbf/-/pbf-4.0.1.tgz",
      "integrity": "sha512-SuLdBvS42z33m8ejRbInMapQe8n0D3vN/Xd5fmWM3tufNgRQFBpaW2YVJxQZV4iPNqb0vEFvssMEo5w9c6BTIA==",
      "license": "BSD-3-Clause",
      "dependencies": {
        "resolve-protobuf-schema": "^2.1.0"
      },
      "bin": {
        "pbf": "bin/pbf"
      }
    },
    "node_modules/playwright": {
      "version": "1.56.1",
      "resolved": "https://registry.npmjs.org/playwright/-/playwright-1.56.1.tgz",
      "integrity": "sha512-aFi5B0WovBHTEvpM3DzXTUaeN6eN0qWnTkKx4NQaH4Wvcmc153PdaY2UBdSYKaGYw+UyWXSVyxDUg5DoPEttjw==",
      "dev": true,
      "license": "Apache-2.0",
      "dependencies": {
        "playwright-core": "1.56.1"
      },
      "bin": {
        "playwright": "cli.js"
      },
      "engines": {
        "node": ">=18"
      },
      "optionalDependencies": {
        "fsevents": "2.3.2"
      }
    },
    "node_modules/playwright-core": {
      "version": "1.56.1",
      "resolved": "https://registry.npmjs.org/playwright-core/-/playwright-core-1.56.1.tgz",
      "integrity": "sha512-hutraynyn31F+Bifme+Ps9Vq59hKuUCz7H1kDOcBs+2oGguKkWTU50bBWrtz34OUWmIwpBTWDxaRPXrIXkgvmQ==",
      "dev": true,
      "license": "Apache-2.0",
      "bin": {
        "playwright-core": "cli.js"
      },
      "engines": {
        "node": ">=18"
      }
    },
    "node_modules/potpack": {
      "version": "2.1.0",
      "resolved": "https://registry.npmjs.org/potpack/-/potpack-2.1.0.tgz",
      "integrity": "sha512-pcaShQc1Shq0y+E7GqJqvZj8DTthWV1KeHGdi0Z6IAin2Oi3JnLCOfwnCo84qc+HAp52wT9nK9H7FAJp5a44GQ==",
      "license": "ISC"
    },
    "node_modules/prettier": {
      "version": "3.6.2",
      "resolved": "https://registry.npmjs.org/prettier/-/prettier-3.6.2.tgz",
      "integrity": "sha512-I7AIg5boAr5R0FFtJ6rCfD+LFsWHp81dolrFD8S79U9tb8Az2nGrJncnMSnys+bpQJfRUzqs9hnA81OAA3hCuQ==",
      "dev": true,
      "license": "MIT",
      "peer": true,
      "bin": {
        "prettier": "bin/prettier.cjs"
      },
      "engines": {
        "node": ">=14"
      },
      "funding": {
        "url": "https://github.com/prettier/prettier?sponsor=1"
      }
    },
    "node_modules/prettier-plugin-go-template": {
      "version": "0.0.15",
      "resolved": "https://registry.npmjs.org/prettier-plugin-go-template/-/prettier-plugin-go-template-0.0.15.tgz",
      "integrity": "sha512-WqU92E1NokWYNZ9mLE6ijoRg6LtIGdLMePt2C7UBDjXeDH9okcRI3zRqtnWR4s5AloiqyvZ66jNBAa9tmRY5EQ==",
      "dev": true,
      "license": "MIT",
      "dependencies": {
        "ulid": "^2.3.0"
      },
      "engines": {
        "node": ">=14.0.0"
      },
      "peerDependencies": {
        "prettier": "^3.0.0"
      }
    },
    "node_modules/protocol-buffers-schema": {
      "version": "3.6.0",
      "resolved": "https://registry.npmjs.org/protocol-buffers-schema/-/protocol-buffers-schema-3.6.0.tgz",
      "integrity": "sha512-TdDRD+/QNdrCGCE7v8340QyuXd4kIWIgapsE2+n/SaGiSSbomYl4TjHlvIoCWRpE7wFt02EpB35VVA2ImcBVqw==",
      "license": "MIT"
    },
    "node_modules/quickselect": {
      "version": "3.0.0",
      "resolved": "https://registry.npmjs.org/quickselect/-/quickselect-3.0.0.tgz",
      "integrity": "sha512-XdjUArbK4Bm5fLLvlm5KpTFOiOThgfWWI4axAZDWg4E/0mKdZyI9tNEfds27qCi1ze/vwTR16kvmmGhRra3c2g==",
      "license": "ISC"
    },
    "node_modules/resolve-protobuf-schema": {
      "version": "2.1.0",
      "resolved": "https://registry.npmjs.org/resolve-protobuf-schema/-/resolve-protobuf-schema-2.1.0.tgz",
      "integrity": "sha512-kI5ffTiZWmJaS/huM8wZfEMer1eRd7oJQhDuxeCLe3t7N7mX3z94CN0xPxBQxFYQTSNz9T0i+v6inKqSdK8xrQ==",
      "license": "MIT",
      "dependencies": {
        "protocol-buffers-schema": "^3.3.1"
      }
    },
    "node_modules/robust-predicates": {
      "version": "2.0.4",
      "resolved": "https://registry.npmjs.org/robust-predicates/-/robust-predicates-2.0.4.tgz",
      "integrity": "sha512-l4NwboJM74Ilm4VKfbAtFeGq7aEjWL+5kVFcmgFA2MrdnQWx9iE/tUGvxY5HyMI7o/WpSIUFLbC5fbeaHgSCYg==",
      "license": "Unlicense"
    },
    "node_modules/serialize-to-js": {
      "version": "3.1.2",
      "resolved": "https://registry.npmjs.org/serialize-to-js/-/serialize-to-js-3.1.2.tgz",
      "integrity": "sha512-owllqNuDDEimQat7EPG0tH7JjO090xKNzUtYz6X+Sk2BXDnOCilDdNLwjWeFywG9xkJul1ULvtUQa9O4pUaY0w==",
      "license": "MIT",
      "engines": {
        "node": ">=4.0.0"
      }
    },
    "node_modules/splaytree": {
      "version": "0.1.4",
      "resolved": "https://registry.npmjs.org/splaytree/-/splaytree-0.1.4.tgz",
      "integrity": "sha512-D50hKrjZgBzqD3FT2Ek53f2dcDLAQT8SSGrzj3vidNH5ISRgceeGVJ2dQIthKOuayqFXfFjXheHNo4bbt9LhRQ==",
      "license": "MIT"
    },
    "node_modules/supercluster": {
      "version": "8.0.1",
      "resolved": "https://registry.npmjs.org/supercluster/-/supercluster-8.0.1.tgz",
      "integrity": "sha512-IiOea5kJ9iqzD2t7QJq/cREyLHTtSmUT6gQsweojg9WH2sYJqZK9SswTu6jrscO6D1G5v5vYZ9ru/eq85lXeZQ==",
      "license": "ISC",
      "dependencies": {
        "kdbush": "^4.0.2"
      }
    },
    "node_modules/three": {
      "version": "0.181.0",
      "resolved": "https://registry.npmjs.org/three/-/three-0.181.0.tgz",
      "integrity": "sha512-KGf6EOCOQGshXeleKxpxhbowQwAXR2dLlD93egHtZ9Qmk07Saf8sXDR+7wJb53Z1ORZiatZ4WGST9UsVxhHEbg==",
      "license": "MIT"
    },
    "node_modules/tinyqueue": {
      "version": "3.0.0",
      "resolved": "https://registry.npmjs.org/tinyqueue/-/tinyqueue-3.0.0.tgz",
      "integrity": "sha512-gRa9gwYU3ECmQYv3lslts5hxuIa90veaEcxDYuu3QGOIAEM2mOZkVHp48ANJuu1CURtRdHKUBY5Lm1tHV+sD4g==",
      "license": "ISC"
    },
    "node_modules/typescript": {
      "version": "5.9.3",
      "resolved": "https://registry.npmjs.org/typescript/-/typescript-5.9.3.tgz",
      "integrity": "sha512-jl1vZzPDinLr9eUt3J/t7V6FgNEw9QjvBPdysz9KfQDD41fQrC2Y4vKQdiaUpFT4bXlb1RHhLpp8wtm6M5TgSw==",
      "dev": true,
      "license": "Apache-2.0",
      "bin": {
        "tsc": "bin/tsc",
        "tsserver": "bin/tsserver"
      },
      "engines": {
        "node": ">=14.17"
      }
    },
    "node_modules/ulid": {
      "version": "2.4.0",
      "resolved": "https://registry.npmjs.org/ulid/-/ulid-2.4.0.tgz",
      "integrity": "sha512-fIRiVTJNcSRmXKPZtGzFQv9WRrZ3M9eoptl/teFJvjOzmpU+/K/JH6HZ8deBfb5vMEpicJcLn7JmvdknlMq7Zg==",
      "dev": true,
      "license": "MIT",
      "bin": {
        "ulid": "bin/cli.js"
      }
    }
  },
  "dependencies": {
    "@biomejs/biome": {
      "version": "2.3.2",
      "resolved": "https://registry.npmjs.org/@biomejs/biome/-/biome-2.3.2.tgz",
      "integrity": "sha512-8e9tzamuDycx7fdrcJ/F/GDZ8SYukc5ud6tDicjjFqURKYFSWMl0H0iXNXZEGmcmNUmABgGuHThPykcM41INgg==",
      "dev": true,
      "requires": {
        "@biomejs/cli-darwin-arm64": "2.3.2",
        "@biomejs/cli-darwin-x64": "2.3.2",
        "@biomejs/cli-linux-arm64": "2.3.2",
        "@biomejs/cli-linux-arm64-musl": "2.3.2",
        "@biomejs/cli-linux-x64": "2.3.2",
        "@biomejs/cli-linux-x64-musl": "2.3.2",
        "@biomejs/cli-win32-arm64": "2.3.2",
        "@biomejs/cli-win32-x64": "2.3.2"
      }
    },
    "@biomejs/cli-darwin-arm64": {
      "version": "2.3.2",
      "resolved": "https://registry.npmjs.org/@biomejs/cli-darwin-arm64/-/cli-darwin-arm64-2.3.2.tgz",
      "integrity": "sha512-4LECm4kc3If0JISai4c3KWQzukoUdpxy4fRzlrPcrdMSRFksR9ZoXK7JBcPuLBmd2SoT4/d7CQS33VnZpgBjew==",
      "dev": true,
      "optional": true
    },
    "@biomejs/cli-darwin-x64": {
      "version": "2.3.2",
      "resolved": "https://registry.npmjs.org/@biomejs/cli-darwin-x64/-/cli-darwin-x64-2.3.2.tgz",
      "integrity": "sha512-jNMnfwHT4N3wi+ypRfMTjLGnDmKYGzxVr1EYAPBcauRcDnICFXN81wD6wxJcSUrLynoyyYCdfW6vJHS/IAoTDA==",
      "dev": true,
      "optional": true
    },
    "@biomejs/cli-linux-arm64": {
      "version": "2.3.2",
      "resolved": "https://registry.npmjs.org/@biomejs/cli-linux-arm64/-/cli-linux-arm64-2.3.2.tgz",
      "integrity": "sha512-amnqvk+gWybbQleRRq8TMe0rIv7GHss8mFJEaGuEZYWg1Tw14YKOkeo8h6pf1c+d3qR+JU4iT9KXnBKGON4klw==",
      "dev": true,
      "optional": true
    },
    "@biomejs/cli-linux-arm64-musl": {
      "version": "2.3.2",
      "resolved": "https://registry.npmjs.org/@biomejs/cli-linux-arm64-musl/-/cli-linux-arm64-musl-2.3.2.tgz",
      "integrity": "sha512-2Zz4usDG1GTTPQnliIeNx6eVGGP2ry5vE/v39nT73a3cKN6t5H5XxjcEoZZh62uVZvED7hXXikclvI64vZkYqw==",
      "dev": true,
      "optional": true
    },
    "@biomejs/cli-linux-x64": {
      "version": "2.3.2",
      "resolved": "https://registry.npmjs.org/@biomejs/cli-linux-x64/-/cli-linux-x64-2.3.2.tgz",
      "integrity": "sha512-8BG/vRAhFz1pmuyd24FQPhNeueLqPtwvZk6yblABY2gzL2H8fLQAF/Z2OPIc+BPIVPld+8cSiKY/KFh6k81xfA==",
      "dev": true,
      "optional": true
    },
    "@biomejs/cli-linux-x64-musl": {
      "version": "2.3.2",
      "resolved": "https://registry.npmjs.org/@biomejs/cli-linux-x64-musl/-/cli-linux-x64-musl-2.3.2.tgz",
      "integrity": "sha512-gzB19MpRdTuOuLtPpFBGrV3Lq424gHyq2lFj8wfX9tvLMLdmA/R9C7k/mqBp/spcbWuHeIEKgEs3RviOPcWGBA==",
      "dev": true,
      "optional": true
    },
    "@biomejs/cli-win32-arm64": {
      "version": "2.3.2",
      "resolved": "https://registry.npmjs.org/@biomejs/cli-win32-arm64/-/cli-win32-arm64-2.3.2.tgz",
      "integrity": "sha512-lCruqQlfWjhMlOdyf5pDHOxoNm4WoyY2vZ4YN33/nuZBRstVDuqPPjS0yBkbUlLEte11FbpW+wWSlfnZfSIZvg==",
      "dev": true,
      "optional": true
    },
    "@biomejs/cli-win32-x64": {
      "version": "2.3.2",
      "resolved": "https://registry.npmjs.org/@biomejs/cli-win32-x64/-/cli-win32-x64-2.3.2.tgz",
      "integrity": "sha512-6Ee9P26DTb4D8sN9nXxgbi9Dw5vSOfH98M7UlmkjKB2vtUbrRqCbZiNfryGiwnPIpd6YUoTl7rLVD2/x1CyEHQ==",
      "dev": true,
      "optional": true
    },
    "@mapbox/jsonlint-lines-primitives": {
      "version": "2.0.2",
      "resolved": "https://registry.npmjs.org/@mapbox/jsonlint-lines-primitives/-/jsonlint-lines-primitives-2.0.2.tgz",
      "integrity": "sha512-rY0o9A5ECsTQRVhv7tL/OyDpGAoUB4tTvLiW1DSzQGq4bvTPhNw1VpSNjDJc5GFZ2XuyOtSWSVN05qOtcD71qQ=="
    },
    "@mapbox/mapbox-gl-supported": {
      "version": "3.0.0",
      "resolved": "https://registry.npmjs.org/@mapbox/mapbox-gl-supported/-/mapbox-gl-supported-3.0.0.tgz",
      "integrity": "sha512-2XghOwu16ZwPJLOFVuIOaLbN0iKMn867evzXFyf0P22dqugezfJwLmdanAgU25ITvz1TvOfVP4jsDImlDJzcWg=="
    },
    "@mapbox/point-geometry": {
      "version": "1.1.0",
      "resolved": "https://registry.npmjs.org/@mapbox/point-geometry/-/point-geometry-1.1.0.tgz",
      "integrity": "sha512-YGcBz1cg4ATXDCM/71L9xveh4dynfGmcLDqufR+nQQy3fKwsAZsWd/x4621/6uJaeB9mwOHE6hPeDgXz9uViUQ=="
    },
    "@mapbox/tiny-sdf": {
      "version": "2.0.7",
      "resolved": "https://registry.npmjs.org/@mapbox/tiny-sdf/-/tiny-sdf-2.0.7.tgz",
      "integrity": "sha512-25gQLQMcpivjOSA40g3gO6qgiFPDpWRoMfd+G/GoppPIeP6JDaMMkMrEJnMZhKyyS6iKwVt5YKu02vCUyJM3Ug=="
    },
    "@mapbox/unitbezier": {
      "version": "0.0.1",
      "resolved": "https://registry.npmjs.org/@mapbox/unitbezier/-/unitbezier-0.0.1.tgz",
      "integrity": "sha512-nMkuDXFv60aBr9soUG5q+GvZYL+2KZHVvsqFCzqnkGEf46U2fvmytHaEVc1/YZbiLn8X+eR3QzX1+dwDO1lxlw=="
    },
    "@mapbox/vector-tile": {
      "version": "2.0.4",
      "resolved": "https://registry.npmjs.org/@mapbox/vector-tile/-/vector-tile-2.0.4.tgz",
      "integrity": "sha512-AkOLcbgGTdXScosBWwmmD7cDlvOjkg/DetGva26pIRiZPdeJYjYKarIlb4uxVzi6bwHO6EWH82eZ5Nuv4T5DUg==",
      "requires": {
        "@mapbox/point-geometry": "~1.1.0",
        "@types/geojson": "^7946.0.16",
        "pbf": "^4.0.1"
      }
    },
    "@mapbox/whoots-js": {
      "version": "3.1.0",
      "resolved": "https://registry.npmjs.org/@mapbox/whoots-js/-/whoots-js-3.1.0.tgz",
      "integrity": "sha512-Es6WcD0nO5l+2BOQS4uLfNPYQaNDfbot3X1XUoloz+x0mPDS3eeORZJl06HXjwBG1fOGwCRnzK88LMdxKRrd6Q=="
    },
    "@playwright/test": {
      "version": "1.56.1",
      "resolved": "https://registry.npmjs.org/@playwright/test/-/test-1.56.1.tgz",
      "integrity": "sha512-vSMYtL/zOcFpvJCW71Q/OEGQb7KYBPAdKh35WNSkaZA75JlAO8ED8UN6GUNTm3drWomcbcqRPFqQbLae8yBTdg==",
      "dev": true,
      "requires": {
        "playwright": "1.56.1"
      }
    },
    "@types/geojson": {
      "version": "7946.0.16",
      "resolved": "https://registry.npmjs.org/@types/geojson/-/geojson-7946.0.16.tgz",
      "integrity": "sha512-6C8nqWur3j98U6+lXDfTUWIfgvZU+EumvpHKcYjujKH7woYyLj2sUmff0tRhrqM7BohUw7Pz3ZB1jj2gW9Fvmg=="
    },
    "@types/geojson-vt": {
      "version": "3.2.5",
      "resolved": "https://registry.npmjs.org/@types/geojson-vt/-/geojson-vt-3.2.5.tgz",
      "integrity": "sha512-qDO7wqtprzlpe8FfQ//ClPV9xiuoh2nkIgiouIptON9w5jvD/fA4szvP9GBlDVdJ5dldAl0kX/sy3URbWwLx0g==",
      "requires": {
        "@types/geojson": "*"
      }
    },
    "@types/mapbox__point-geometry": {
      "version": "0.1.4",
      "resolved": "https://registry.npmjs.org/@types/mapbox__point-geometry/-/mapbox__point-geometry-0.1.4.tgz",
      "integrity": "sha512-mUWlSxAmYLfwnRBmgYV86tgYmMIICX4kza8YnE/eIlywGe2XoOxlpVnXWwir92xRLjwyarqwpu2EJKD2pk0IUA=="
    },
    "@types/pbf": {
      "version": "3.0.5",
      "resolved": "https://registry.npmjs.org/@types/pbf/-/pbf-3.0.5.tgz",
      "integrity": "sha512-j3pOPiEcWZ34R6a6mN07mUkM4o4Lwf6hPNt8eilOeZhTFbxFXmKhvXl9Y28jotFPaI1bpPDJsbCprUoNke6OrA=="
    },
    "@types/supercluster": {
      "version": "7.1.3",
      "resolved": "https://registry.npmjs.org/@types/supercluster/-/supercluster-7.1.3.tgz",
      "integrity": "sha512-Z0pOY34GDFl3Q6hUFYf3HkTwKEE02e7QgtJppBt+beEAxnyOpJua+voGFvxINBHa06GwLFFym7gRPY2SiKIfIA==",
      "requires": {
        "@types/geojson": "*"
      }
    },
    "cheap-ruler": {
      "version": "4.0.0",
      "resolved": "https://registry.npmjs.org/cheap-ruler/-/cheap-ruler-4.0.0.tgz",
      "integrity": "sha512-0BJa8f4t141BYKQyn9NSQt1PguFQXMXwZiA5shfoaBYHAb2fFk2RAX+tiWMoQU+Agtzt3mdt0JtuyshAXqZ+Vw=="
    },
    "csscolorparser": {
      "version": "1.0.3",
      "resolved": "https://registry.npmjs.org/csscolorparser/-/csscolorparser-1.0.3.tgz",
      "integrity": "sha512-umPSgYwZkdFoUrH5hIq5kf0wPSXiro51nPw0j2K/c83KflkPSTBGMz6NJvMB+07VlL0y7VPo6QJcDjcgKTTm3w=="
    },
    "dotenv": {
      "version": "17.2.3",
      "resolved": "https://registry.npmjs.org/dotenv/-/dotenv-17.2.3.tgz",
      "integrity": "sha512-JVUnt+DUIzu87TABbhPmNfVdBDt18BLOWjMUFJMSi/Qqg7NTYtabbvSNJGOJ7afbRuv9D/lngizHtP7QyLQ+9w==",
      "dev": true
    },
    "earcut": {
      "version": "3.0.2",
      "resolved": "https://registry.npmjs.org/earcut/-/earcut-3.0.2.tgz",
      "integrity": "sha512-X7hshQbLyMJ/3RPhyObLARM2sNxxmRALLKx1+NVFFnQ9gKzmCrxm9+uLIAdBcvc8FNLpctqlQ2V6AE92Ol9UDQ=="
    },
    "fsevents": {
      "version": "2.3.2",
      "resolved": "https://registry.npmjs.org/fsevents/-/fsevents-2.3.2.tgz",
      "integrity": "sha512-xiqMQR4xAeHTuB9uWm+fFRcIOgKBMiOBP+eXiyT7jsgVCq1bkVygt00oASowB7EdtpOHaaPgKt812P9ab+DDKA==",
      "dev": true,
      "optional": true
    },
    "geojson-vt": {
      "version": "4.0.2",
      "resolved": "https://registry.npmjs.org/geojson-vt/-/geojson-vt-4.0.2.tgz",
      "integrity": "sha512-AV9ROqlNqoZEIJGfm1ncNjEXfkz2hdFlZf0qkVfmkwdKa8vj7H16YUOT81rJw1rdFhyEDlN2Tds91p/glzbl5A=="
    },
    "gl-matrix": {
      "version": "3.4.4",
      "resolved": "https://registry.npmjs.org/gl-matrix/-/gl-matrix-3.4.4.tgz",
      "integrity": "sha512-latSnyDNt/8zYUB6VIJ6PCh2jBjJX6gnDsoCZ7LyW7GkqrD51EWwa9qCoGixj8YqBtETQK/xY7OmpTF8xz1DdQ=="
    },
    "grid-index": {
      "version": "1.1.0",
      "resolved": "https://registry.npmjs.org/grid-index/-/grid-index-1.1.0.tgz",
      "integrity": "sha512-HZRwumpOGUrHyxO5bqKZL0B0GlUpwtCAzZ42sgxUPniu33R1LSFH5yrIcBCHjkctCAh3mtWKcKd9J4vDDdeVHA=="
    },
    "kdbush": {
      "version": "4.0.2",
      "resolved": "https://registry.npmjs.org/kdbush/-/kdbush-4.0.2.tgz",
      "integrity": "sha512-WbCVYJ27Sz8zi9Q7Q0xHC+05iwkm3Znipc2XTlrnJbsHMYktW4hPhXUE8Ys1engBrvffoSCqbil1JQAa7clRpA=="
    },
    "lefthook": {
      "version": "2.0.2",
      "resolved": "https://registry.npmjs.org/lefthook/-/lefthook-2.0.2.tgz",
      "integrity": "sha512-2lrSva53G604ZWjK5kHYvDdwb5GzbhciIPWhebv0A8ceveqSsnG2JgVEt+DnhOPZ4VfNcXvt3/ohFBPNpuAlVw==",
      "dev": true,
      "requires": {
        "lefthook-darwin-arm64": "2.0.2",
        "lefthook-darwin-x64": "2.0.2",
        "lefthook-freebsd-arm64": "2.0.2",
        "lefthook-freebsd-x64": "2.0.2",
        "lefthook-linux-arm64": "2.0.2",
        "lefthook-linux-x64": "2.0.2",
        "lefthook-openbsd-arm64": "2.0.2",
        "lefthook-openbsd-x64": "2.0.2",
        "lefthook-windows-arm64": "2.0.2",
        "lefthook-windows-x64": "2.0.2"
      }
    },
    "lefthook-darwin-arm64": {
      "version": "2.0.2",
      "resolved": "https://registry.npmjs.org/lefthook-darwin-arm64/-/lefthook-darwin-arm64-2.0.2.tgz",
      "integrity": "sha512-x/4AOinpMS2abZyA/krDd50cRPZit/6P670Z1mJjfS0+fPZkFw7AXpjxroiN0rgglg78vD7BwcA5331z4YZa5g==",
      "dev": true,
      "optional": true
    },
    "lefthook-darwin-x64": {
      "version": "2.0.2",
      "resolved": "https://registry.npmjs.org/lefthook-darwin-x64/-/lefthook-darwin-x64-2.0.2.tgz",
      "integrity": "sha512-MSb8XZBfmlNvCpuLiQqrJS+sPiSEAyuoHOMZOHjlceYqO0leVVw9YfePVcb4Vi/PqOYngTdJk83MmYvqhsSNTQ==",
      "dev": true,
      "optional": true
    },
    "lefthook-freebsd-arm64": {
      "version": "2.0.2",
      "resolved": "https://registry.npmjs.org/lefthook-freebsd-arm64/-/lefthook-freebsd-arm64-2.0.2.tgz",
      "integrity": "sha512-gewPsUPc3J/n2/RrhHLS9jtL3qK4HcTED25vfExhvFRW3eT1SDYaBbXnUUmB8SE0zE8Bl6AfEdT2zzZcPbOFuA==",
      "dev": true,
      "optional": true
    },
    "lefthook-freebsd-x64": {
      "version": "2.0.2",
      "resolved": "https://registry.npmjs.org/lefthook-freebsd-x64/-/lefthook-freebsd-x64-2.0.2.tgz",
      "integrity": "sha512-fsLlaChiKAWiSavQO2LXPR8Z9OcBnyMDvmkIlXC0lG3SjBb9xbVdBdDVlcrsUyDCs5YstmGYHuzw6DfJYpAE1g==",
      "dev": true,
      "optional": true
    },
    "lefthook-linux-arm64": {
      "version": "2.0.2",
      "resolved": "https://registry.npmjs.org/lefthook-linux-arm64/-/lefthook-linux-arm64-2.0.2.tgz",
      "integrity": "sha512-vNl3HiZud9T2nGHMngvLw3hSJgutjlN/Lzf5/5jKt/2IIuyd9L3UYktWC9HLUb03Zukr7jeaxG3+VxdAohQwAw==",
      "dev": true,
      "optional": true
    },
    "lefthook-linux-x64": {
      "version": "2.0.2",
      "resolved": "https://registry.npmjs.org/lefthook-linux-x64/-/lefthook-linux-x64-2.0.2.tgz",
      "integrity": "sha512-0ghHMPu4fixIieS8V2k2yZHvcFd9pP0q+sIAIaWo8x7ce/AOQIXFCPHGPAOc8/wi5uVtfyEvCnhxIDKf+lHA2A==",
      "dev": true,
      "optional": true
    },
    "lefthook-openbsd-arm64": {
      "version": "2.0.2",
      "resolved": "https://registry.npmjs.org/lefthook-openbsd-arm64/-/lefthook-openbsd-arm64-2.0.2.tgz",
      "integrity": "sha512-qfXnDM8jffut9rylvi3T+HOqlNRkFYqIDUXeVXlY7dmwCW4u2K46p0W4M3BmAVUeL/MRxBRnjze//Yy6aCbGQw==",
      "dev": true,
      "optional": true
    },
    "lefthook-openbsd-x64": {
      "version": "2.0.2",
      "resolved": "https://registry.npmjs.org/lefthook-openbsd-x64/-/lefthook-openbsd-x64-2.0.2.tgz",
      "integrity": "sha512-RXqR0FiDTwsQv1X3QVsuBFneWeNXS+tmPFIX8F6Wz9yDPHF8+vBnkWCju6HdkTVTY71Ba5HbYGKEVDvscJkU7Q==",
      "dev": true,
      "optional": true
    },
    "lefthook-windows-arm64": {
      "version": "2.0.2",
      "resolved": "https://registry.npmjs.org/lefthook-windows-arm64/-/lefthook-windows-arm64-2.0.2.tgz",
      "integrity": "sha512-KfLKhiUPHP9Aea+9D7or2hgL9wtKEV+GHpx7LBg82ZhCXkAml6rop7mWsBgL80xPYLqMahKolZGO+8z5H6W4HQ==",
      "dev": true,
      "optional": true
    },
    "lefthook-windows-x64": {
      "version": "2.0.2",
      "resolved": "https://registry.npmjs.org/lefthook-windows-x64/-/lefthook-windows-x64-2.0.2.tgz",
      "integrity": "sha512-TdysWxGRNtuRg5bN6Uj00tZJIsHTrF/7FavoR5rp1sq21QJhJi36M4I3UVlmOKAUCKhibAIAauZWmX7yaW3eHA==",
      "dev": true,
      "optional": true
    },
    "mapbox-gl": {
      "version": "3.16.0",
      "resolved": "https://registry.npmjs.org/mapbox-gl/-/mapbox-gl-3.16.0.tgz",
      "integrity": "sha512-rluV1Zp/0oHf1Y9BV+nePRNnKyTdljko3E19CzO5rBqtQaNUYS0ePCMPRtxOuWRwSdKp3f9NWJkOCjemM8nmjw==",
      "requires": {
        "@mapbox/jsonlint-lines-primitives": "^2.0.2",
        "@mapbox/mapbox-gl-supported": "^3.0.0",
        "@mapbox/point-geometry": "^1.1.0",
        "@mapbox/tiny-sdf": "^2.0.6",
        "@mapbox/unitbezier": "^0.0.1",
        "@mapbox/vector-tile": "^2.0.4",
        "@mapbox/whoots-js": "^3.1.0",
        "@types/geojson": "^7946.0.16",
        "@types/geojson-vt": "^3.2.5",
        "@types/mapbox__point-geometry": "^0.1.4",
        "@types/pbf": "^3.0.5",
        "@types/supercluster": "^7.1.3",
        "cheap-ruler": "^4.0.0",
        "csscolorparser": "~1.0.3",
        "earcut": "^3.0.1",
        "geojson-vt": "^4.0.2",
        "gl-matrix": "^3.4.4",
        "grid-index": "^1.1.0",
        "kdbush": "^4.0.2",
        "martinez-polygon-clipping": "^0.7.4",
        "murmurhash-js": "^1.0.0",
        "pbf": "^4.0.1",
        "potpack": "^2.0.0",
        "quickselect": "^3.0.0",
        "serialize-to-js": "^3.1.2",
        "supercluster": "^8.0.1",
        "tinyqueue": "^3.0.0"
      }
    },
    "martinez-polygon-clipping": {
      "version": "0.7.4",
      "resolved": "https://registry.npmjs.org/martinez-polygon-clipping/-/martinez-polygon-clipping-0.7.4.tgz",
      "integrity": "sha512-jBEwrKtA0jTagUZj2bnmb4Yg2s4KnJGRePStgI7bAVjtcipKiF39R4LZ2V/UT61jMYWrTcBhPazexeqd6JAVtw==",
      "requires": {
        "robust-predicates": "^2.0.4",
        "splaytree": "^0.1.4",
        "tinyqueue": "^1.2.0"
      },
      "dependencies": {
        "tinyqueue": {
          "version": "1.2.3",
          "resolved": "https://registry.npmjs.org/tinyqueue/-/tinyqueue-1.2.3.tgz",
          "integrity": "sha512-Qz9RgWuO9l8lT+Y9xvbzhPT2efIUIFd69N7eF7tJ9lnQl0iLj1M7peK7IoUGZL9DJHw9XftqLreccfxcQgYLxA=="
        }
      }
    },
    "murmurhash-js": {
      "version": "1.0.0",
      "resolved": "https://registry.npmjs.org/murmurhash-js/-/murmurhash-js-1.0.0.tgz",
      "integrity": "sha512-TvmkNhkv8yct0SVBSy+o8wYzXjE4Zz3PCesbfs8HiCXXdcTuocApFv11UWlNFWKYsP2okqrhb7JNlSm9InBhIw=="
    },
    "pbf": {
      "version": "4.0.1",
      "resolved": "https://registry.npmjs.org/pbf/-/pbf-4.0.1.tgz",
      "integrity": "sha512-SuLdBvS42z33m8ejRbInMapQe8n0D3vN/Xd5fmWM3tufNgRQFBpaW2YVJxQZV4iPNqb0vEFvssMEo5w9c6BTIA==",
      "requires": {
        "resolve-protobuf-schema": "^2.1.0"
      }
    },
    "playwright": {
      "version": "1.56.1",
      "resolved": "https://registry.npmjs.org/playwright/-/playwright-1.56.1.tgz",
      "integrity": "sha512-aFi5B0WovBHTEvpM3DzXTUaeN6eN0qWnTkKx4NQaH4Wvcmc153PdaY2UBdSYKaGYw+UyWXSVyxDUg5DoPEttjw==",
      "dev": true,
      "requires": {
        "fsevents": "2.3.2",
        "playwright-core": "1.56.1"
      }
    },
    "playwright-core": {
      "version": "1.56.1",
      "resolved": "https://registry.npmjs.org/playwright-core/-/playwright-core-1.56.1.tgz",
      "integrity": "sha512-hutraynyn31F+Bifme+Ps9Vq59hKuUCz7H1kDOcBs+2oGguKkWTU50bBWrtz34OUWmIwpBTWDxaRPXrIXkgvmQ==",
      "dev": true
    },
    "potpack": {
      "version": "2.1.0",
      "resolved": "https://registry.npmjs.org/potpack/-/potpack-2.1.0.tgz",
      "integrity": "sha512-pcaShQc1Shq0y+E7GqJqvZj8DTthWV1KeHGdi0Z6IAin2Oi3JnLCOfwnCo84qc+HAp52wT9nK9H7FAJp5a44GQ=="
    },
    "prettier": {
      "version": "3.6.2",
      "resolved": "https://registry.npmjs.org/prettier/-/prettier-3.6.2.tgz",
      "integrity": "sha512-I7AIg5boAr5R0FFtJ6rCfD+LFsWHp81dolrFD8S79U9tb8Az2nGrJncnMSnys+bpQJfRUzqs9hnA81OAA3hCuQ==",
      "dev": true,
      "peer": true
    },
    "prettier-plugin-go-template": {
      "version": "0.0.15",
      "resolved": "https://registry.npmjs.org/prettier-plugin-go-template/-/prettier-plugin-go-template-0.0.15.tgz",
      "integrity": "sha512-WqU92E1NokWYNZ9mLE6ijoRg6LtIGdLMePt2C7UBDjXeDH9okcRI3zRqtnWR4s5AloiqyvZ66jNBAa9tmRY5EQ==",
      "dev": true,
      "requires": {
        "ulid": "^2.3.0"
      }
    },
    "protocol-buffers-schema": {
      "version": "3.6.0",
      "resolved": "https://registry.npmjs.org/protocol-buffers-schema/-/protocol-buffers-schema-3.6.0.tgz",
      "integrity": "sha512-TdDRD+/QNdrCGCE7v8340QyuXd4kIWIgapsE2+n/SaGiSSbomYl4TjHlvIoCWRpE7wFt02EpB35VVA2ImcBVqw=="
    },
    "quickselect": {
      "version": "3.0.0",
      "resolved": "https://registry.npmjs.org/quickselect/-/quickselect-3.0.0.tgz",
      "integrity": "sha512-XdjUArbK4Bm5fLLvlm5KpTFOiOThgfWWI4axAZDWg4E/0mKdZyI9tNEfds27qCi1ze/vwTR16kvmmGhRra3c2g=="
    },
    "resolve-protobuf-schema": {
      "version": "2.1.0",
      "resolved": "https://registry.npmjs.org/resolve-protobuf-schema/-/resolve-protobuf-schema-2.1.0.tgz",
      "integrity": "sha512-kI5ffTiZWmJaS/huM8wZfEMer1eRd7oJQhDuxeCLe3t7N7mX3z94CN0xPxBQxFYQTSNz9T0i+v6inKqSdK8xrQ==",
      "requires": {
        "protocol-buffers-schema": "^3.3.1"
      }
    },
    "robust-predicates": {
      "version": "2.0.4",
      "resolved": "https://registry.npmjs.org/robust-predicates/-/robust-predicates-2.0.4.tgz",
      "integrity": "sha512-l4NwboJM74Ilm4VKfbAtFeGq7aEjWL+5kVFcmgFA2MrdnQWx9iE/tUGvxY5HyMI7o/WpSIUFLbC5fbeaHgSCYg=="
    },
    "serialize-to-js": {
      "version": "3.1.2",
      "resolved": "https://registry.npmjs.org/serialize-to-js/-/serialize-to-js-3.1.2.tgz",
      "integrity": "sha512-owllqNuDDEimQat7EPG0tH7JjO090xKNzUtYz6X+Sk2BXDnOCilDdNLwjWeFywG9xkJul1ULvtUQa9O4pUaY0w=="
    },
    "splaytree": {
      "version": "0.1.4",
      "resolved": "https://registry.npmjs.org/splaytree/-/splaytree-0.1.4.tgz",
      "integrity": "sha512-D50hKrjZgBzqD3FT2Ek53f2dcDLAQT8SSGrzj3vidNH5ISRgceeGVJ2dQIthKOuayqFXfFjXheHNo4bbt9LhRQ=="
    },
    "supercluster": {
      "version": "8.0.1",
      "resolved": "https://registry.npmjs.org/supercluster/-/supercluster-8.0.1.tgz",
      "integrity": "sha512-IiOea5kJ9iqzD2t7QJq/cREyLHTtSmUT6gQsweojg9WH2sYJqZK9SswTu6jrscO6D1G5v5vYZ9ru/eq85lXeZQ==",
      "requires": {
        "kdbush": "^4.0.2"
      }
    },
    "three": {
      "version": "0.181.0",
      "resolved": "https://registry.npmjs.org/three/-/three-0.181.0.tgz",
      "integrity": "sha512-KGf6EOCOQGshXeleKxpxhbowQwAXR2dLlD93egHtZ9Qmk07Saf8sXDR+7wJb53Z1ORZiatZ4WGST9UsVxhHEbg=="
    },
    "tinyqueue": {
      "version": "3.0.0",
      "resolved": "https://registry.npmjs.org/tinyqueue/-/tinyqueue-3.0.0.tgz",
      "integrity": "sha512-gRa9gwYU3ECmQYv3lslts5hxuIa90veaEcxDYuu3QGOIAEM2mOZkVHp48ANJuu1CURtRdHKUBY5Lm1tHV+sD4g=="
    },
    "typescript": {
      "version": "5.9.3",
      "resolved": "https://registry.npmjs.org/typescript/-/typescript-5.9.3.tgz",
      "integrity": "sha512-jl1vZzPDinLr9eUt3J/t7V6FgNEw9QjvBPdysz9KfQDD41fQrC2Y4vKQdiaUpFT4bXlb1RHhLpp8wtm6M5TgSw==",
      "dev": true
    },
    "ulid": {
      "version": "2.4.0",
      "resolved": "https://registry.npmjs.org/ulid/-/ulid-2.4.0.tgz",
      "integrity": "sha512-fIRiVTJNcSRmXKPZtGzFQv9WRrZ3M9eoptl/teFJvjOzmpU+/K/JH6HZ8deBfb5vMEpicJcLn7JmvdknlMq7Zg==",
      "dev": true
    }
  }
}
